// !$*UTF8*$!
{
	archiveVersion = 1;
	classes = {
	};
	objectVersion = 56;
	objects = {

/* Begin PBXBuildFile section */
		4C055F172A88256B00ADD9E2 /* Sprint_v1_no_version.sprint in Resources */ = {isa = PBXBuildFile; fileRef = 4C055F162A88256B00ADD9E2 /* Sprint_v1_no_version.sprint */; };
		4C0C5C2F2A877E860025B3C8 /* Column.swift in Sources */ = {isa = PBXBuildFile; fileRef = 4C0C5C2E2A877E860025B3C8 /* Column.swift */; };
		4C0C5C312A877E950025B3C8 /* Card.swift in Sources */ = {isa = PBXBuildFile; fileRef = 4C0C5C302A877E950025B3C8 /* Card.swift */; };
		4C0C5C332A877F0D0025B3C8 /* SprintContent.swift in Sources */ = {isa = PBXBuildFile; fileRef = 4C0C5C322A877F0D0025B3C8 /* SprintContent.swift */; };
		4C0C5C362A87801E0025B3C8 /* Period.swift in Sources */ = {isa = PBXBuildFile; fileRef = 4C0C5C352A87801E0025B3C8 /* Period.swift */; };
		4C0C5C392A8782280025B3C8 /* DataProvider.swift in Sources */ = {isa = PBXBuildFile; fileRef = 4C0C5C382A8782280025B3C8 /* DataProvider.swift */; };
		4C0C5C3D2A8788330025B3C8 /* VersionedFile.swift in Sources */ = {isa = PBXBuildFile; fileRef = 4C0C5C3C2A8788330025B3C8 /* VersionedFile.swift */; };
		4C0C5C452A87CA370025B3C8 /* DocumentFile.swift in Sources */ = {isa = PBXBuildFile; fileRef = 4C0C5C442A87CA370025B3C8 /* DocumentFile.swift */; };
		4C0C5C472A87CFA70025B3C8 /* SprintDataProvider.swift in Sources */ = {isa = PBXBuildFile; fileRef = 4C0C5C462A87CFA70025B3C8 /* SprintDataProvider.swift */; };
		4C0C5C4B2A87F40C0025B3C8 /* SprintDataProviderTests.swift in Sources */ = {isa = PBXBuildFile; fileRef = 4C0C5C4A2A87F40C0025B3C8 /* SprintDataProviderTests.swift */; };
		4C0C5C4F2A87F6BC0025B3C8 /* Sprint_v1.sprint in Resources */ = {isa = PBXBuildFile; fileRef = 4C0C5C4E2A87F6BC0025B3C8 /* Sprint_v1.sprint */; };
		4C0C5C512A881FCE0025B3C8 /* DocumentError.swift in Sources */ = {isa = PBXBuildFile; fileRef = 4C0C5C502A881FCE0025B3C8 /* DocumentError.swift */; };
		4C0C5C562A88215B0025B3C8 /* Sprint_v1_broken.sprint in Resources */ = {isa = PBXBuildFile; fileRef = 4C0C5C552A88215B0025B3C8 /* Sprint_v1_broken.sprint */; };
		4C8644BF2A82B42C00184C1B /* AppDelegate.swift in Sources */ = {isa = PBXBuildFile; fileRef = 4C8644BE2A82B42C00184C1B /* AppDelegate.swift */; };
		4C8644C12A82B42C00184C1B /* SprintViewController.swift in Sources */ = {isa = PBXBuildFile; fileRef = 4C8644C02A82B42C00184C1B /* SprintViewController.swift */; };
		4C8644C32A82B42C00184C1B /* SprintDocument.swift in Sources */ = {isa = PBXBuildFile; fileRef = 4C8644C22A82B42C00184C1B /* SprintDocument.swift */; };
		4C8644C52A82B42D00184C1B /* Assets.xcassets in Resources */ = {isa = PBXBuildFile; fileRef = 4C8644C42A82B42D00184C1B /* Assets.xcassets */; };
		4C8644C82A82B42D00184C1B /* Main.storyboard in Resources */ = {isa = PBXBuildFile; fileRef = 4C8644C62A82B42D00184C1B /* Main.storyboard */; };
		4C8644DE2A82B42D00184C1B /* StackUITests.swift in Sources */ = {isa = PBXBuildFile; fileRef = 4C8644DD2A82B42D00184C1B /* StackUITests.swift */; };
		4C8644E02A82B42D00184C1B /* StackUITestsLaunchTests.swift in Sources */ = {isa = PBXBuildFile; fileRef = 4C8644DF2A82B42D00184C1B /* StackUITestsLaunchTests.swift */; };
		4CA2A31B2A88263D005D1C45 /* Sprint_v1_invalid_version.sprint in Resources */ = {isa = PBXBuildFile; fileRef = 4CA2A31A2A88263D005D1C45 /* Sprint_v1_invalid_version.sprint */; };
/* End PBXBuildFile section */

/* Begin PBXContainerItemProxy section */
		4C8644D02A82B42D00184C1B /* PBXContainerItemProxy */ = {
			isa = PBXContainerItemProxy;
			containerPortal = 4C8644B32A82B42C00184C1B /* Project object */;
			proxyType = 1;
			remoteGlobalIDString = 4C8644BA2A82B42C00184C1B;
			remoteInfo = Stack;
		};
		4C8644DA2A82B42D00184C1B /* PBXContainerItemProxy */ = {
			isa = PBXContainerItemProxy;
			containerPortal = 4C8644B32A82B42C00184C1B /* Project object */;
			proxyType = 1;
			remoteGlobalIDString = 4C8644BA2A82B42C00184C1B;
			remoteInfo = Stack;
		};
/* End PBXContainerItemProxy section */

/* Begin PBXFileReference section */
		4C055F162A88256B00ADD9E2 /* Sprint_v1_no_version.sprint */ = {isa = PBXFileReference; lastKnownFileType = text; path = Sprint_v1_no_version.sprint; sourceTree = "<group>"; };
		4C0C5C2E2A877E860025B3C8 /* Column.swift */ = {isa = PBXFileReference; lastKnownFileType = sourcecode.swift; path = Column.swift; sourceTree = "<group>"; };
		4C0C5C302A877E950025B3C8 /* Card.swift */ = {isa = PBXFileReference; lastKnownFileType = sourcecode.swift; path = Card.swift; sourceTree = "<group>"; };
		4C0C5C322A877F0D0025B3C8 /* SprintContent.swift */ = {isa = PBXFileReference; lastKnownFileType = sourcecode.swift; path = SprintContent.swift; sourceTree = "<group>"; };
		4C0C5C352A87801E0025B3C8 /* Period.swift */ = {isa = PBXFileReference; lastKnownFileType = sourcecode.swift; path = Period.swift; sourceTree = "<group>"; };
		4C0C5C382A8782280025B3C8 /* DataProvider.swift */ = {isa = PBXFileReference; lastKnownFileType = sourcecode.swift; path = DataProvider.swift; sourceTree = "<group>"; };
		4C0C5C3C2A8788330025B3C8 /* VersionedFile.swift */ = {isa = PBXFileReference; lastKnownFileType = sourcecode.swift; path = VersionedFile.swift; sourceTree = "<group>"; };
		4C0C5C442A87CA370025B3C8 /* DocumentFile.swift */ = {isa = PBXFileReference; lastKnownFileType = sourcecode.swift; path = DocumentFile.swift; sourceTree = "<group>"; };
		4C0C5C462A87CFA70025B3C8 /* SprintDataProvider.swift */ = {isa = PBXFileReference; lastKnownFileType = sourcecode.swift; path = SprintDataProvider.swift; sourceTree = "<group>"; };
		4C0C5C4A2A87F40C0025B3C8 /* SprintDataProviderTests.swift */ = {isa = PBXFileReference; lastKnownFileType = sourcecode.swift; path = SprintDataProviderTests.swift; sourceTree = "<group>"; };
		4C0C5C4E2A87F6BC0025B3C8 /* Sprint_v1.sprint */ = {isa = PBXFileReference; lastKnownFileType = text; path = Sprint_v1.sprint; sourceTree = "<group>"; };
		4C0C5C502A881FCE0025B3C8 /* DocumentError.swift */ = {isa = PBXFileReference; lastKnownFileType = sourcecode.swift; path = DocumentError.swift; sourceTree = "<group>"; };
		4C0C5C552A88215B0025B3C8 /* Sprint_v1_broken.sprint */ = {isa = PBXFileReference; lastKnownFileType = text; path = Sprint_v1_broken.sprint; sourceTree = "<group>"; };
		4C8644BB2A82B42C00184C1B /* Stack.app */ = {isa = PBXFileReference; explicitFileType = wrapper.application; includeInIndex = 0; path = Stack.app; sourceTree = BUILT_PRODUCTS_DIR; };
		4C8644BE2A82B42C00184C1B /* AppDelegate.swift */ = {isa = PBXFileReference; lastKnownFileType = sourcecode.swift; path = AppDelegate.swift; sourceTree = "<group>"; };
		4C8644C02A82B42C00184C1B /* SprintViewController.swift */ = {isa = PBXFileReference; lastKnownFileType = sourcecode.swift; path = SprintViewController.swift; sourceTree = "<group>"; };
		4C8644C22A82B42C00184C1B /* SprintDocument.swift */ = {isa = PBXFileReference; lastKnownFileType = sourcecode.swift; path = SprintDocument.swift; sourceTree = "<group>"; };
		4C8644C42A82B42D00184C1B /* Assets.xcassets */ = {isa = PBXFileReference; lastKnownFileType = folder.assetcatalog; path = Assets.xcassets; sourceTree = "<group>"; };
		4C8644C72A82B42D00184C1B /* Base */ = {isa = PBXFileReference; lastKnownFileType = file.storyboard; name = Base; path = Base.lproj/Main.storyboard; sourceTree = "<group>"; };
		4C8644C92A82B42D00184C1B /* Info.plist */ = {isa = PBXFileReference; lastKnownFileType = text.plist.xml; path = Info.plist; sourceTree = "<group>"; };
		4C8644CA2A82B42D00184C1B /* Stack.entitlements */ = {isa = PBXFileReference; lastKnownFileType = text.plist.entitlements; path = Stack.entitlements; sourceTree = "<group>"; };
		4C8644CF2A82B42D00184C1B /* StackTests.xctest */ = {isa = PBXFileReference; explicitFileType = wrapper.cfbundle; includeInIndex = 0; path = StackTests.xctest; sourceTree = BUILT_PRODUCTS_DIR; };
		4C8644D92A82B42D00184C1B /* StackUITests.xctest */ = {isa = PBXFileReference; explicitFileType = wrapper.cfbundle; includeInIndex = 0; path = StackUITests.xctest; sourceTree = BUILT_PRODUCTS_DIR; };
		4C8644DD2A82B42D00184C1B /* StackUITests.swift */ = {isa = PBXFileReference; lastKnownFileType = sourcecode.swift; path = StackUITests.swift; sourceTree = "<group>"; };
		4C8644DF2A82B42D00184C1B /* StackUITestsLaunchTests.swift */ = {isa = PBXFileReference; lastKnownFileType = sourcecode.swift; path = StackUITestsLaunchTests.swift; sourceTree = "<group>"; };
		4CA2A31A2A88263D005D1C45 /* Sprint_v1_invalid_version.sprint */ = {isa = PBXFileReference; lastKnownFileType = text; path = Sprint_v1_invalid_version.sprint; sourceTree = "<group>"; };
/* End PBXFileReference section */

/* Begin PBXFrameworksBuildPhase section */
		4C8644B82A82B42C00184C1B /* Frameworks */ = {
			isa = PBXFrameworksBuildPhase;
			buildActionMask = 2147483647;
			files = (
			);
			runOnlyForDeploymentPostprocessing = 0;
		};
		4C8644CC2A82B42D00184C1B /* Frameworks */ = {
			isa = PBXFrameworksBuildPhase;
			buildActionMask = 2147483647;
			files = (
			);
			runOnlyForDeploymentPostprocessing = 0;
		};
		4C8644D62A82B42D00184C1B /* Frameworks */ = {
			isa = PBXFrameworksBuildPhase;
			buildActionMask = 2147483647;
			files = (
			);
			runOnlyForDeploymentPostprocessing = 0;
		};
/* End PBXFrameworksBuildPhase section */

/* Begin PBXGroup section */
		4C0588182A82BEB900078733 /* Sprint */ = {
			isa = PBXGroup;
			children = (
				4C0C5C462A87CFA70025B3C8 /* SprintDataProvider.swift */,
				4C8644C22A82B42C00184C1B /* SprintDocument.swift */,
				4C0C5C322A877F0D0025B3C8 /* SprintContent.swift */,
				4C8644C02A82B42C00184C1B /* SprintViewController.swift */,
			);
			path = Sprint;
			sourceTree = "<group>";
		};
		4C0588192A82BEE300078733 /* Docs */ = {
			isa = PBXGroup;
			children = (
				4C0588182A82BEB900078733 /* Sprint */,
			);
			path = Docs;
			sourceTree = "<group>";
		};
		4C0C5C2D2A877E660025B3C8 /* Models */ = {
			isa = PBXGroup;
			children = (
				4C0C5C2E2A877E860025B3C8 /* Column.swift */,
				4C0C5C302A877E950025B3C8 /* Card.swift */,
				4C0C5C352A87801E0025B3C8 /* Period.swift */,
			);
			path = Models;
			sourceTree = "<group>";
		};
		4C0C5C342A877FD20025B3C8 /* Common */ = {
			isa = PBXGroup;
			children = (
				4C0C5C442A87CA370025B3C8 /* DocumentFile.swift */,
				4C0C5C3C2A8788330025B3C8 /* VersionedFile.swift */,
			);
			path = Common;
			sourceTree = "<group>";
		};
		4C0C5C372A87820F0025B3C8 /* Services */ = {
			isa = PBXGroup;
			children = (
				4C0C5C382A8782280025B3C8 /* DataProvider.swift */,
				4C0C5C502A881FCE0025B3C8 /* DocumentError.swift */,
			);
			path = Services;
			sourceTree = "<group>";
		};
		4C0C5C482A87F3D40025B3C8 /* Docs */ = {
			isa = PBXGroup;
			children = (
				4C0C5C492A87F3DD0025B3C8 /* Sprint */,
			);
			path = Docs;
			sourceTree = "<group>";
		};
		4C0C5C492A87F3DD0025B3C8 /* Sprint */ = {
			isa = PBXGroup;
			children = (
				4C0C5C4D2A87F42C0025B3C8 /* Tests */,
				4C0C5C4C2A87F4150025B3C8 /* Files */,
			);
			path = Sprint;
			sourceTree = "<group>";
		};
		4C0C5C4C2A87F4150025B3C8 /* Files */ = {
			isa = PBXGroup;
			children = (
				4C0C5C4E2A87F6BC0025B3C8 /* Sprint_v1.sprint */,
				4C0C5C552A88215B0025B3C8 /* Sprint_v1_broken.sprint */,
				4C055F162A88256B00ADD9E2 /* Sprint_v1_no_version.sprint */,
				4CA2A31A2A88263D005D1C45 /* Sprint_v1_invalid_version.sprint */,
			);
			path = Files;
			sourceTree = "<group>";
		};
		4C0C5C4D2A87F42C0025B3C8 /* Tests */ = {
			isa = PBXGroup;
			children = (
				4C0C5C4A2A87F40C0025B3C8 /* SprintDataProviderTests.swift */,
			);
			path = Tests;
			sourceTree = "<group>";
		};
		4C0C5C522A88202A0025B3C8 /* Resource */ = {
			isa = PBXGroup;
			children = (
				4C8644C42A82B42D00184C1B /* Assets.xcassets */,
				4C8644C62A82B42D00184C1B /* Main.storyboard */,
			);
			path = Resource;
			sourceTree = "<group>";
		};
		4C8644B22A82B42C00184C1B = {
			isa = PBXGroup;
			children = (
				4C8644BD2A82B42C00184C1B /* Stack */,
				4C8644D22A82B42D00184C1B /* StackTests */,
				4C8644DC2A82B42D00184C1B /* StackUITests */,
				4C8644BC2A82B42C00184C1B /* Products */,
			);
			sourceTree = "<group>";
		};
		4C8644BC2A82B42C00184C1B /* Products */ = {
			isa = PBXGroup;
			children = (
				4C8644BB2A82B42C00184C1B /* Stack.app */,
				4C8644CF2A82B42D00184C1B /* StackTests.xctest */,
				4C8644D92A82B42D00184C1B /* StackUITests.xctest */,
			);
			name = Products;
			sourceTree = "<group>";
		};
		4C8644BD2A82B42C00184C1B /* Stack */ = {
			isa = PBXGroup;
			children = (
				4C8644BE2A82B42C00184C1B /* AppDelegate.swift */,
				4C8644C92A82B42D00184C1B /* Info.plist */,
				4C8644CA2A82B42D00184C1B /* Stack.entitlements */,
				4C0C5C342A877FD20025B3C8 /* Common */,
				4C0C5C372A87820F0025B3C8 /* Services */,
				4C0C5C2D2A877E660025B3C8 /* Models */,
				4C0588192A82BEE300078733 /* Docs */,
				4C0C5C522A88202A0025B3C8 /* Resource */,
			);
			path = Stack;
			sourceTree = "<group>";
		};
		4C8644D22A82B42D00184C1B /* StackTests */ = {
			isa = PBXGroup;
			children = (
				4C0C5C482A87F3D40025B3C8 /* Docs */,
			);
			path = StackTests;
			sourceTree = "<group>";
		};
		4C8644DC2A82B42D00184C1B /* StackUITests */ = {
			isa = PBXGroup;
			children = (
				4C8644DD2A82B42D00184C1B /* StackUITests.swift */,
				4C8644DF2A82B42D00184C1B /* StackUITestsLaunchTests.swift */,
			);
			path = StackUITests;
			sourceTree = "<group>";
		};
/* End PBXGroup section */

/* Begin PBXNativeTarget section */
		4C8644BA2A82B42C00184C1B /* Stack */ = {
			isa = PBXNativeTarget;
			buildConfigurationList = 4C8644E32A82B42D00184C1B /* Build configuration list for PBXNativeTarget "Stack" */;
			buildPhases = (
				4C8644B72A82B42C00184C1B /* Sources */,
				4C8644B82A82B42C00184C1B /* Frameworks */,
				4C8644B92A82B42C00184C1B /* Resources */,
			);
			buildRules = (
			);
			dependencies = (
			);
			name = Stack;
			productName = Stack;
			productReference = 4C8644BB2A82B42C00184C1B /* Stack.app */;
			productType = "com.apple.product-type.application";
		};
		4C8644CE2A82B42D00184C1B /* StackTests */ = {
			isa = PBXNativeTarget;
			buildConfigurationList = 4C8644E62A82B42D00184C1B /* Build configuration list for PBXNativeTarget "StackTests" */;
			buildPhases = (
				4C8644CB2A82B42D00184C1B /* Sources */,
				4C8644CC2A82B42D00184C1B /* Frameworks */,
				4C8644CD2A82B42D00184C1B /* Resources */,
			);
			buildRules = (
			);
			dependencies = (
				4C8644D12A82B42D00184C1B /* PBXTargetDependency */,
			);
			name = StackTests;
			productName = StackTests;
			productReference = 4C8644CF2A82B42D00184C1B /* StackTests.xctest */;
			productType = "com.apple.product-type.bundle.unit-test";
		};
		4C8644D82A82B42D00184C1B /* StackUITests */ = {
			isa = PBXNativeTarget;
			buildConfigurationList = 4C8644E92A82B42D00184C1B /* Build configuration list for PBXNativeTarget "StackUITests" */;
			buildPhases = (
				4C8644D52A82B42D00184C1B /* Sources */,
				4C8644D62A82B42D00184C1B /* Frameworks */,
				4C8644D72A82B42D00184C1B /* Resources */,
			);
			buildRules = (
			);
			dependencies = (
				4C8644DB2A82B42D00184C1B /* PBXTargetDependency */,
			);
			name = StackUITests;
			productName = StackUITests;
			productReference = 4C8644D92A82B42D00184C1B /* StackUITests.xctest */;
			productType = "com.apple.product-type.bundle.ui-testing";
		};
/* End PBXNativeTarget section */

/* Begin PBXProject section */
		4C8644B32A82B42C00184C1B /* Project object */ = {
			isa = PBXProject;
			attributes = {
				BuildIndependentTargetsInParallel = 1;
				LastSwiftUpdateCheck = 1430;
				LastUpgradeCheck = 1430;
				TargetAttributes = {
					4C8644BA2A82B42C00184C1B = {
						CreatedOnToolsVersion = 14.3.1;
					};
					4C8644CE2A82B42D00184C1B = {
						CreatedOnToolsVersion = 14.3.1;
						TestTargetID = 4C8644BA2A82B42C00184C1B;
					};
					4C8644D82A82B42D00184C1B = {
						CreatedOnToolsVersion = 14.3.1;
						TestTargetID = 4C8644BA2A82B42C00184C1B;
					};
				};
			};
			buildConfigurationList = 4C8644B62A82B42C00184C1B /* Build configuration list for PBXProject "Stack" */;
			compatibilityVersion = "Xcode 14.0";
			developmentRegion = en;
			hasScannedForEncodings = 0;
			knownRegions = (
				en,
				Base,
			);
			mainGroup = 4C8644B22A82B42C00184C1B;
			productRefGroup = 4C8644BC2A82B42C00184C1B /* Products */;
			projectDirPath = "";
			projectRoot = "";
			targets = (
				4C8644BA2A82B42C00184C1B /* Stack */,
				4C8644CE2A82B42D00184C1B /* StackTests */,
				4C8644D82A82B42D00184C1B /* StackUITests */,
			);
		};
/* End PBXProject section */

/* Begin PBXResourcesBuildPhase section */
		4C8644B92A82B42C00184C1B /* Resources */ = {
			isa = PBXResourcesBuildPhase;
			buildActionMask = 2147483647;
			files = (
				4C8644C52A82B42D00184C1B /* Assets.xcassets in Resources */,
				4C8644C82A82B42D00184C1B /* Main.storyboard in Resources */,
			);
			runOnlyForDeploymentPostprocessing = 0;
		};
		4C8644CD2A82B42D00184C1B /* Resources */ = {
			isa = PBXResourcesBuildPhase;
			buildActionMask = 2147483647;
			files = (
				4C0C5C4F2A87F6BC0025B3C8 /* Sprint_v1.sprint in Resources */,
				4C055F172A88256B00ADD9E2 /* Sprint_v1_no_version.sprint in Resources */,
				4CA2A31B2A88263D005D1C45 /* Sprint_v1_invalid_version.sprint in Resources */,
				4C0C5C562A88215B0025B3C8 /* Sprint_v1_broken.sprint in Resources */,
			);
			runOnlyForDeploymentPostprocessing = 0;
		};
		4C8644D72A82B42D00184C1B /* Resources */ = {
			isa = PBXResourcesBuildPhase;
			buildActionMask = 2147483647;
			files = (
			);
			runOnlyForDeploymentPostprocessing = 0;
		};
/* End PBXResourcesBuildPhase section */

/* Begin PBXSourcesBuildPhase section */
		4C8644B72A82B42C00184C1B /* Sources */ = {
			isa = PBXSourcesBuildPhase;
			buildActionMask = 2147483647;
			files = (
				4C8644C12A82B42C00184C1B /* SprintViewController.swift in Sources */,
				4C0C5C332A877F0D0025B3C8 /* SprintContent.swift in Sources */,
				4C0C5C2F2A877E860025B3C8 /* Column.swift in Sources */,
				4C0C5C512A881FCE0025B3C8 /* DocumentError.swift in Sources */,
				4C0C5C312A877E950025B3C8 /* Card.swift in Sources */,
				4C0C5C452A87CA370025B3C8 /* DocumentFile.swift in Sources */,
				4C8644BF2A82B42C00184C1B /* AppDelegate.swift in Sources */,
				4C0C5C472A87CFA70025B3C8 /* SprintDataProvider.swift in Sources */,
				4C0C5C392A8782280025B3C8 /* DataProvider.swift in Sources */,
				4C8644C32A82B42C00184C1B /* SprintDocument.swift in Sources */,
				4C0C5C3D2A8788330025B3C8 /* VersionedFile.swift in Sources */,
				4C0C5C362A87801E0025B3C8 /* Period.swift in Sources */,
			);
			runOnlyForDeploymentPostprocessing = 0;
		};
		4C8644CB2A82B42D00184C1B /* Sources */ = {
			isa = PBXSourcesBuildPhase;
			buildActionMask = 2147483647;
			files = (
				4C0C5C4B2A87F40C0025B3C8 /* SprintDataProviderTests.swift in Sources */,
			);
			runOnlyForDeploymentPostprocessing = 0;
		};
		4C8644D52A82B42D00184C1B /* Sources */ = {
			isa = PBXSourcesBuildPhase;
			buildActionMask = 2147483647;
			files = (
				4C8644DE2A82B42D00184C1B /* StackUITests.swift in Sources */,
				4C8644E02A82B42D00184C1B /* StackUITestsLaunchTests.swift in Sources */,
			);
			runOnlyForDeploymentPostprocessing = 0;
		};
/* End PBXSourcesBuildPhase section */

/* Begin PBXTargetDependency section */
		4C8644D12A82B42D00184C1B /* PBXTargetDependency */ = {
			isa = PBXTargetDependency;
			target = 4C8644BA2A82B42C00184C1B /* Stack */;
			targetProxy = 4C8644D02A82B42D00184C1B /* PBXContainerItemProxy */;
		};
		4C8644DB2A82B42D00184C1B /* PBXTargetDependency */ = {
			isa = PBXTargetDependency;
			target = 4C8644BA2A82B42C00184C1B /* Stack */;
			targetProxy = 4C8644DA2A82B42D00184C1B /* PBXContainerItemProxy */;
		};
/* End PBXTargetDependency section */

/* Begin PBXVariantGroup section */
		4C8644C62A82B42D00184C1B /* Main.storyboard */ = {
			isa = PBXVariantGroup;
			children = (
				4C8644C72A82B42D00184C1B /* Base */,
			);
			name = Main.storyboard;
			sourceTree = "<group>";
		};
/* End PBXVariantGroup section */

/* Begin XCBuildConfiguration section */
		4C8644E12A82B42D00184C1B /* Debug */ = {
			isa = XCBuildConfiguration;
			buildSettings = {
				ALWAYS_SEARCH_USER_PATHS = NO;
				CLANG_ANALYZER_NONNULL = YES;
				CLANG_ANALYZER_NUMBER_OBJECT_CONVERSION = YES_AGGRESSIVE;
				CLANG_CXX_LANGUAGE_STANDARD = "gnu++20";
				CLANG_ENABLE_MODULES = YES;
				CLANG_ENABLE_OBJC_ARC = YES;
				CLANG_ENABLE_OBJC_WEAK = YES;
				CLANG_WARN_BLOCK_CAPTURE_AUTORELEASING = YES;
				CLANG_WARN_BOOL_CONVERSION = YES;
				CLANG_WARN_COMMA = YES;
				CLANG_WARN_CONSTANT_CONVERSION = YES;
				CLANG_WARN_DEPRECATED_OBJC_IMPLEMENTATIONS = YES;
				CLANG_WARN_DIRECT_OBJC_ISA_USAGE = YES_ERROR;
				CLANG_WARN_DOCUMENTATION_COMMENTS = YES;
				CLANG_WARN_EMPTY_BODY = YES;
				CLANG_WARN_ENUM_CONVERSION = YES;
				CLANG_WARN_INFINITE_RECURSION = YES;
				CLANG_WARN_INT_CONVERSION = YES;
				CLANG_WARN_NON_LITERAL_NULL_CONVERSION = YES;
				CLANG_WARN_OBJC_IMPLICIT_RETAIN_SELF = YES;
				CLANG_WARN_OBJC_LITERAL_CONVERSION = YES;
				CLANG_WARN_OBJC_ROOT_CLASS = YES_ERROR;
				CLANG_WARN_QUOTED_INCLUDE_IN_FRAMEWORK_HEADER = YES;
				CLANG_WARN_RANGE_LOOP_ANALYSIS = YES;
				CLANG_WARN_STRICT_PROTOTYPES = YES;
				CLANG_WARN_SUSPICIOUS_MOVE = YES;
				CLANG_WARN_UNGUARDED_AVAILABILITY = YES_AGGRESSIVE;
				CLANG_WARN_UNREACHABLE_CODE = YES;
				CLANG_WARN__DUPLICATE_METHOD_MATCH = YES;
				COPY_PHASE_STRIP = NO;
				DEBUG_INFORMATION_FORMAT = dwarf;
				ENABLE_STRICT_OBJC_MSGSEND = YES;
				ENABLE_TESTABILITY = YES;
				GCC_C_LANGUAGE_STANDARD = gnu11;
				GCC_DYNAMIC_NO_PIC = NO;
				GCC_NO_COMMON_BLOCKS = YES;
				GCC_OPTIMIZATION_LEVEL = 0;
				GCC_PREPROCESSOR_DEFINITIONS = (
					"DEBUG=1",
					"$(inherited)",
				);
				GCC_WARN_64_TO_32_BIT_CONVERSION = YES;
				GCC_WARN_ABOUT_RETURN_TYPE = YES_ERROR;
				GCC_WARN_UNDECLARED_SELECTOR = YES;
				GCC_WARN_UNINITIALIZED_AUTOS = YES_AGGRESSIVE;
				GCC_WARN_UNUSED_FUNCTION = YES;
				GCC_WARN_UNUSED_VARIABLE = YES;
				MACOSX_DEPLOYMENT_TARGET = 13.3;
				MTL_ENABLE_DEBUG_INFO = INCLUDE_SOURCE;
				MTL_FAST_MATH = YES;
				ONLY_ACTIVE_ARCH = YES;
				SDKROOT = macosx;
				SWIFT_ACTIVE_COMPILATION_CONDITIONS = DEBUG;
				SWIFT_OPTIMIZATION_LEVEL = "-Onone";
			};
			name = Debug;
		};
		4C8644E22A82B42D00184C1B /* Release */ = {
			isa = XCBuildConfiguration;
			buildSettings = {
				ALWAYS_SEARCH_USER_PATHS = NO;
				CLANG_ANALYZER_NONNULL = YES;
				CLANG_ANALYZER_NUMBER_OBJECT_CONVERSION = YES_AGGRESSIVE;
				CLANG_CXX_LANGUAGE_STANDARD = "gnu++20";
				CLANG_ENABLE_MODULES = YES;
				CLANG_ENABLE_OBJC_ARC = YES;
				CLANG_ENABLE_OBJC_WEAK = YES;
				CLANG_WARN_BLOCK_CAPTURE_AUTORELEASING = YES;
				CLANG_WARN_BOOL_CONVERSION = YES;
				CLANG_WARN_COMMA = YES;
				CLANG_WARN_CONSTANT_CONVERSION = YES;
				CLANG_WARN_DEPRECATED_OBJC_IMPLEMENTATIONS = YES;
				CLANG_WARN_DIRECT_OBJC_ISA_USAGE = YES_ERROR;
				CLANG_WARN_DOCUMENTATION_COMMENTS = YES;
				CLANG_WARN_EMPTY_BODY = YES;
				CLANG_WARN_ENUM_CONVERSION = YES;
				CLANG_WARN_INFINITE_RECURSION = YES;
				CLANG_WARN_INT_CONVERSION = YES;
				CLANG_WARN_NON_LITERAL_NULL_CONVERSION = YES;
				CLANG_WARN_OBJC_IMPLICIT_RETAIN_SELF = YES;
				CLANG_WARN_OBJC_LITERAL_CONVERSION = YES;
				CLANG_WARN_OBJC_ROOT_CLASS = YES_ERROR;
				CLANG_WARN_QUOTED_INCLUDE_IN_FRAMEWORK_HEADER = YES;
				CLANG_WARN_RANGE_LOOP_ANALYSIS = YES;
				CLANG_WARN_STRICT_PROTOTYPES = YES;
				CLANG_WARN_SUSPICIOUS_MOVE = YES;
				CLANG_WARN_UNGUARDED_AVAILABILITY = YES_AGGRESSIVE;
				CLANG_WARN_UNREACHABLE_CODE = YES;
				CLANG_WARN__DUPLICATE_METHOD_MATCH = YES;
				COPY_PHASE_STRIP = NO;
				DEBUG_INFORMATION_FORMAT = "dwarf-with-dsym";
				ENABLE_NS_ASSERTIONS = NO;
				ENABLE_STRICT_OBJC_MSGSEND = YES;
				GCC_C_LANGUAGE_STANDARD = gnu11;
				GCC_NO_COMMON_BLOCKS = YES;
				GCC_WARN_64_TO_32_BIT_CONVERSION = YES;
				GCC_WARN_ABOUT_RETURN_TYPE = YES_ERROR;
				GCC_WARN_UNDECLARED_SELECTOR = YES;
				GCC_WARN_UNINITIALIZED_AUTOS = YES_AGGRESSIVE;
				GCC_WARN_UNUSED_FUNCTION = YES;
				GCC_WARN_UNUSED_VARIABLE = YES;
				MACOSX_DEPLOYMENT_TARGET = 13.3;
				MTL_ENABLE_DEBUG_INFO = NO;
				MTL_FAST_MATH = YES;
				SDKROOT = macosx;
				SWIFT_COMPILATION_MODE = wholemodule;
				SWIFT_OPTIMIZATION_LEVEL = "-O";
			};
			name = Release;
		};
		4C8644E42A82B42D00184C1B /* Debug */ = {
			isa = XCBuildConfiguration;
			buildSettings = {
				ASSETCATALOG_COMPILER_APPICON_NAME = AppIcon;
				ASSETCATALOG_COMPILER_GLOBAL_ACCENT_COLOR_NAME = AccentColor;
				CODE_SIGN_ENTITLEMENTS = Stack/Stack.entitlements;
				CODE_SIGN_STYLE = Automatic;
				COMBINE_HIDPI_IMAGES = YES;
				CURRENT_PROJECT_VERSION = 1;
				DEVELOPMENT_TEAM = 48KV35Y6PN;
				ENABLE_HARDENED_RUNTIME = YES;
				GENERATE_INFOPLIST_FILE = YES;
				INFOPLIST_FILE = Stack/Info.plist;
				INFOPLIST_KEY_NSHumanReadableCopyright = "";
				INFOPLIST_KEY_NSMainStoryboardFile = Main;
				INFOPLIST_KEY_NSPrincipalClass = NSApplication;
				LD_RUNPATH_SEARCH_PATHS = (
					"$(inherited)",
					"@executable_path/../Frameworks",
				);
				MARKETING_VERSION = 1.0;
				PRODUCT_BUNDLE_IDENTIFIER = com.paperwave.Stack;
				PRODUCT_NAME = "$(TARGET_NAME)";
				SWIFT_EMIT_LOC_STRINGS = YES;
				SWIFT_VERSION = 5.0;
			};
			name = Debug;
		};
		4C8644E52A82B42D00184C1B /* Release */ = {
			isa = XCBuildConfiguration;
			buildSettings = {
				ASSETCATALOG_COMPILER_APPICON_NAME = AppIcon;
				ASSETCATALOG_COMPILER_GLOBAL_ACCENT_COLOR_NAME = AccentColor;
				CODE_SIGN_ENTITLEMENTS = Stack/Stack.entitlements;
				CODE_SIGN_STYLE = Automatic;
				COMBINE_HIDPI_IMAGES = YES;
				CURRENT_PROJECT_VERSION = 1;
				DEVELOPMENT_TEAM = 48KV35Y6PN;
				ENABLE_HARDENED_RUNTIME = YES;
				GENERATE_INFOPLIST_FILE = YES;
				INFOPLIST_FILE = Stack/Info.plist;
				INFOPLIST_KEY_NSHumanReadableCopyright = "";
				INFOPLIST_KEY_NSMainStoryboardFile = Main;
				INFOPLIST_KEY_NSPrincipalClass = NSApplication;
				LD_RUNPATH_SEARCH_PATHS = (
					"$(inherited)",
					"@executable_path/../Frameworks",
				);
				MARKETING_VERSION = 1.0;
				PRODUCT_BUNDLE_IDENTIFIER = com.paperwave.Stack;
				PRODUCT_NAME = "$(TARGET_NAME)";
				SWIFT_EMIT_LOC_STRINGS = YES;
				SWIFT_VERSION = 5.0;
			};
			name = Release;
		};
		4C8644E72A82B42D00184C1B /* Debug */ = {
			isa = XCBuildConfiguration;
			buildSettings = {
				ALWAYS_EMBED_SWIFT_STANDARD_LIBRARIES = YES;
				BUNDLE_LOADER = "$(TEST_HOST)";
				CODE_SIGN_STYLE = Automatic;
				CURRENT_PROJECT_VERSION = 1;
				DEVELOPMENT_TEAM = 48KV35Y6PN;
				GENERATE_INFOPLIST_FILE = YES;
				MACOSX_DEPLOYMENT_TARGET = 13.3;
				MARKETING_VERSION = 1.0;
				PRODUCT_BUNDLE_IDENTIFIER = com.paperwave.StackTests;
				PRODUCT_NAME = "$(TARGET_NAME)";
				SWIFT_EMIT_LOC_STRINGS = NO;
				SWIFT_VERSION = 5.0;
				TEST_HOST = "$(BUILT_PRODUCTS_DIR)/Stack.app/$(BUNDLE_EXECUTABLE_FOLDER_PATH)/Stack";
			};
			name = Debug;
		};
		4C8644E82A82B42D00184C1B /* Release */ = {
			isa = XCBuildConfiguration;
			buildSettings = {
				ALWAYS_EMBED_SWIFT_STANDARD_LIBRARIES = YES;
				BUNDLE_LOADER = "$(TEST_HOST)";
				CODE_SIGN_STYLE = Automatic;
				CURRENT_PROJECT_VERSION = 1;
				DEVELOPMENT_TEAM = 48KV35Y6PN;
				GENERATE_INFOPLIST_FILE = YES;
				MACOSX_DEPLOYMENT_TARGET = 13.3;
				MARKETING_VERSION = 1.0;
				PRODUCT_BUNDLE_IDENTIFIER = com.paperwave.StackTests;
				PRODUCT_NAME = "$(TARGET_NAME)";
				SWIFT_EMIT_LOC_STRINGS = NO;
				SWIFT_VERSION = 5.0;
				TEST_HOST = "$(BUILT_PRODUCTS_DIR)/Stack.app/$(BUNDLE_EXECUTABLE_FOLDER_PATH)/Stack";
			};
			name = Release;
		};
		4C8644EA2A82B42D00184C1B /* Debug */ = {
			isa = XCBuildConfiguration;
			buildSettings = {
				ALWAYS_EMBED_SWIFT_STANDARD_LIBRARIES = YES;
				CODE_SIGN_STYLE = Automatic;
				CURRENT_PROJECT_VERSION = 1;
				DEVELOPMENT_TEAM = 48KV35Y6PN;
				GENERATE_INFOPLIST_FILE = YES;
				MARKETING_VERSION = 1.0;
				PRODUCT_BUNDLE_IDENTIFIER = com.paperwave.StackUITests;
				PRODUCT_NAME = "$(TARGET_NAME)";
				SWIFT_EMIT_LOC_STRINGS = NO;
				SWIFT_VERSION = 5.0;
				TEST_TARGET_NAME = Stack;
			};
			name = Debug;
		};
		4C8644EB2A82B42D00184C1B /* Release */ = {
			isa = XCBuildConfiguration;
			buildSettings = {
				ALWAYS_EMBED_SWIFT_STANDARD_LIBRARIES = YES;
				CODE_SIGN_STYLE = Automatic;
				CURRENT_PROJECT_VERSION = 1;
				DEVELOPMENT_TEAM = 48KV35Y6PN;
				GENERATE_INFOPLIST_FILE = YES;
				MARKETING_VERSION = 1.0;
				PRODUCT_BUNDLE_IDENTIFIER = com.paperwave.StackUITests;
				PRODUCT_NAME = "$(TARGET_NAME)";
				SWIFT_EMIT_LOC_STRINGS = NO;
				SWIFT_VERSION = 5.0;
				TEST_TARGET_NAME = Stack;
			};
			name = Release;
		};
/* End XCBuildConfiguration section */

/* Begin XCConfigurationList section */
		4C8644B62A82B42C00184C1B /* Build configuration list for PBXProject "Stack" */ = {
			isa = XCConfigurationList;
			buildConfigurations = (
				4C8644E12A82B42D00184C1B /* Debug */,
				4C8644E22A82B42D00184C1B /* Release */,
			);
			defaultConfigurationIsVisible = 0;
			defaultConfigurationName = Release;
		};
		4C8644E32A82B42D00184C1B /* Build configuration list for PBXNativeTarget "Stack" */ = {
			isa = XCConfigurationList;
			buildConfigurations = (
				4C8644E42A82B42D00184C1B /* Debug */,
				4C8644E52A82B42D00184C1B /* Release */,
			);
			defaultConfigurationIsVisible = 0;
			defaultConfigurationName = Release;
		};
		4C8644E62A82B42D00184C1B /* Build configuration list for PBXNativeTarget "StackTests" */ = {
			isa = XCConfigurationList;
			buildConfigurations = (
				4C8644E72A82B42D00184C1B /* Debug */,
				4C8644E82A82B42D00184C1B /* Release */,
			);
			defaultConfigurationIsVisible = 0;
			defaultConfigurationName = Release;
		};
		4C8644E92A82B42D00184C1B /* Build configuration list for PBXNativeTarget "StackUITests" */ = {
			isa = XCConfigurationList;
			buildConfigurations = (
				4C8644EA2A82B42D00184C1B /* Debug */,
				4C8644EB2A82B42D00184C1B /* Release */,
			);
			defaultConfigurationIsVisible = 0;
			defaultConfigurationName = Release;
		};
/* End XCConfigurationList section */
	};
	rootObject = 4C8644B32A82B42C00184C1B /* Project object */;
}
