// !$*UTF8*$!
{
	archiveVersion = 1;
	classes = {
	};
	objectVersion = 56;
	objects = {

/* Begin PBXBuildFile section */
		4C055F172A88256B00ADD9E2 /* Board_v1_no_version.stackboard in Resources */ = {isa = PBXBuildFile; fileRef = 4C055F162A88256B00ADD9E2 /* Board_v1_no_version.stackboard */; };
		4C05C1432A8A7F0700AF6036 /* Category.swift in Sources */ = {isa = PBXBuildFile; fileRef = 4C05C1422A8A7F0700AF6036 /* Category.swift */; };
		4C05C14A2A8A8A0600AF6036 /* DocumentStorage.swift in Sources */ = {isa = PBXBuildFile; fileRef = 4C05C1492A8A8A0600AF6036 /* DocumentStorage.swift */; };
		4C05C14F2A8C0FBE00AF6036 /* Board_v1_minimum.stackboard in Resources */ = {isa = PBXBuildFile; fileRef = 4C05C14E2A8C0FBE00AF6036 /* Board_v1_minimum.stackboard */; };
		4C05C1532A8D35CF00AF6036 /* DocumentDataRepresentation.swift in Sources */ = {isa = PBXBuildFile; fileRef = 4C05C1522A8D35CF00AF6036 /* DocumentDataRepresentation.swift */; };
		4C05C1552A8D35EC00AF6036 /* DocumentDataPublisher.swift in Sources */ = {isa = PBXBuildFile; fileRef = 4C05C1542A8D35EC00AF6036 /* DocumentDataPublisher.swift */; };
		4C05C1582A8D363200AF6036 /* DocumentStorageTests.swift in Sources */ = {isa = PBXBuildFile; fileRef = 4C05C1572A8D363200AF6036 /* DocumentStorageTests.swift */; };
		4C05C15B2A8D36DE00AF6036 /* String+Extension.swift in Sources */ = {isa = PBXBuildFile; fileRef = 4C05C15A2A8D36DE00AF6036 /* String+Extension.swift */; };
		4C05C15F2A8D376900AF6036 /* ContentProviderMock.swift in Sources */ = {isa = PBXBuildFile; fileRef = 4C05C15E2A8D376900AF6036 /* ContentProviderMock.swift */; };
		4C05C1612A8D384E00AF6036 /* Data+Extension.swift in Sources */ = {isa = PBXBuildFile; fileRef = 4C05C1602A8D384E00AF6036 /* Data+Extension.swift */; };
		4C0C5C2F2A877E860025B3C8 /* BoardColumn.swift in Sources */ = {isa = PBXBuildFile; fileRef = 4C0C5C2E2A877E860025B3C8 /* BoardColumn.swift */; };
		4C0C5C312A877E950025B3C8 /* Card.swift in Sources */ = {isa = PBXBuildFile; fileRef = 4C0C5C302A877E950025B3C8 /* Card.swift */; };
		4C0C5C332A877F0D0025B3C8 /* BoardContent.swift in Sources */ = {isa = PBXBuildFile; fileRef = 4C0C5C322A877F0D0025B3C8 /* BoardContent.swift */; };
		4C0C5C362A87801E0025B3C8 /* Period.swift in Sources */ = {isa = PBXBuildFile; fileRef = 4C0C5C352A87801E0025B3C8 /* Period.swift */; };
		4C0C5C392A8782280025B3C8 /* ContentProvider.swift in Sources */ = {isa = PBXBuildFile; fileRef = 4C0C5C382A8782280025B3C8 /* ContentProvider.swift */; };
		4C0C5C3D2A8788330025B3C8 /* VersionedFile.swift in Sources */ = {isa = PBXBuildFile; fileRef = 4C0C5C3C2A8788330025B3C8 /* VersionedFile.swift */; };
		4C0C5C452A87CA370025B3C8 /* DocumentFile.swift in Sources */ = {isa = PBXBuildFile; fileRef = 4C0C5C442A87CA370025B3C8 /* DocumentFile.swift */; };
		4C0C5C472A87CFA70025B3C8 /* BoardDataProvider.swift in Sources */ = {isa = PBXBuildFile; fileRef = 4C0C5C462A87CFA70025B3C8 /* BoardDataProvider.swift */; };
		4C0C5C4B2A87F40C0025B3C8 /* BoardDataProviderTests.swift in Sources */ = {isa = PBXBuildFile; fileRef = 4C0C5C4A2A87F40C0025B3C8 /* BoardDataProviderTests.swift */; };
		4C0C5C4F2A87F6BC0025B3C8 /* Board_v1.stackboard in Resources */ = {isa = PBXBuildFile; fileRef = 4C0C5C4E2A87F6BC0025B3C8 /* Board_v1.stackboard */; };
		4C0C5C512A881FCE0025B3C8 /* DocumentError.swift in Sources */ = {isa = PBXBuildFile; fileRef = 4C0C5C502A881FCE0025B3C8 /* DocumentError.swift */; };
		4C0C5C562A88215B0025B3C8 /* Board_v1_broken.stackboard in Resources */ = {isa = PBXBuildFile; fileRef = 4C0C5C552A88215B0025B3C8 /* Board_v1_broken.stackboard */; };
		4C1D14942A8D5514005691BD /* BoardPresenter.swift in Sources */ = {isa = PBXBuildFile; fileRef = 4C1D14932A8D5514005691BD /* BoardPresenter.swift */; };
		4C1D14962A8D552D005691BD /* BoardInteractor.swift in Sources */ = {isa = PBXBuildFile; fileRef = 4C1D14952A8D552D005691BD /* BoardInteractor.swift */; };
		4C1D14982A8EA57E005691BD /* BoardUnitModel.swift in Sources */ = {isa = PBXBuildFile; fileRef = 4C1D14972A8EA57E005691BD /* BoardUnitModel.swift */; };
		4C1D149A2A8EA704005691BD /* ViewState.swift in Sources */ = {isa = PBXBuildFile; fileRef = 4C1D14992A8EA704005691BD /* ViewState.swift */; };
		4C1D149D2A8EAFFD005691BD /* DesignSystem in Frameworks */ = {isa = PBXBuildFile; productRef = 4C1D149C2A8EAFFD005691BD /* DesignSystem */; };
		4C1D14A32A8EB63B005691BD /* ColumnView.swift in Sources */ = {isa = PBXBuildFile; fileRef = 4C1D14A22A8EB63B005691BD /* ColumnView.swift */; };
		4C1D14A52A8EB64A005691BD /* ColumnConfiguration.swift in Sources */ = {isa = PBXBuildFile; fileRef = 4C1D14A42A8EB64A005691BD /* ColumnConfiguration.swift */; };
		4C1D14A72A8EB6E1005691BD /* ColumnHeader.swift in Sources */ = {isa = PBXBuildFile; fileRef = 4C1D14A62A8EB6E1005691BD /* ColumnHeader.swift */; };
		4C1D14AC2A8EB9BE005691BD /* NSTextField+Extension.swift in Sources */ = {isa = PBXBuildFile; fileRef = 4C1D14AB2A8EB9BE005691BD /* NSTextField+Extension.swift */; };
		4C1D14AE2A8F459F005691BD /* BoardUnitAssembly.swift in Sources */ = {isa = PBXBuildFile; fileRef = 4C1D14AD2A8F459F005691BD /* BoardUnitAssembly.swift */; };
		4C1D14B02A8FCA38005691BD /* BoardPresenterTests.swift in Sources */ = {isa = PBXBuildFile; fileRef = 4C1D14AF2A8FCA38005691BD /* BoardPresenterTests.swift */; };
		4C1D14B32A8FCAFC005691BD /* BoardInteractorMock.swift in Sources */ = {isa = PBXBuildFile; fileRef = 4C1D14B22A8FCAFC005691BD /* BoardInteractorMock.swift */; };
		4C1D14B52A8FE5ED005691BD /* BoardViewMock.swift in Sources */ = {isa = PBXBuildFile; fileRef = 4C1D14B42A8FE5ED005691BD /* BoardViewMock.swift */; };
		4C1D14B72A8FEE94005691BD /* BoardInteractorTests.swift in Sources */ = {isa = PBXBuildFile; fileRef = 4C1D14B62A8FEE94005691BD /* BoardInteractorTests.swift */; };
		4C1D14B92A8FEEFF005691BD /* BoardPresenterMock.swift in Sources */ = {isa = PBXBuildFile; fileRef = 4C1D14B82A8FEEFF005691BD /* BoardPresenterMock.swift */; };
		4C1D14BB2A8FF07A005691BD /* BoardDataPublisherMock.swift in Sources */ = {isa = PBXBuildFile; fileRef = 4C1D14BA2A8FF07A005691BD /* BoardDataPublisherMock.swift */; };
		4C8644BF2A82B42C00184C1B /* AppDelegate.swift in Sources */ = {isa = PBXBuildFile; fileRef = 4C8644BE2A82B42C00184C1B /* AppDelegate.swift */; };
		4C8644C12A82B42C00184C1B /* BoardViewController.swift in Sources */ = {isa = PBXBuildFile; fileRef = 4C8644C02A82B42C00184C1B /* BoardViewController.swift */; };
		4C8644C32A82B42C00184C1B /* BoardDocument.swift in Sources */ = {isa = PBXBuildFile; fileRef = 4C8644C22A82B42C00184C1B /* BoardDocument.swift */; };
		4C8644C52A82B42D00184C1B /* Assets.xcassets in Resources */ = {isa = PBXBuildFile; fileRef = 4C8644C42A82B42D00184C1B /* Assets.xcassets */; };
		4C8644C82A82B42D00184C1B /* Main.storyboard in Resources */ = {isa = PBXBuildFile; fileRef = 4C8644C62A82B42D00184C1B /* Main.storyboard */; };
		4C8644DE2A82B42D00184C1B /* StackUITests.swift in Sources */ = {isa = PBXBuildFile; fileRef = 4C8644DD2A82B42D00184C1B /* StackUITests.swift */; };
		4C8644E02A82B42D00184C1B /* StackUITestsLaunchTests.swift in Sources */ = {isa = PBXBuildFile; fileRef = 4C8644DF2A82B42D00184C1B /* StackUITestsLaunchTests.swift */; };
		4CA2A31B2A88263D005D1C45 /* Board_v1_invalid_version.stackboard in Resources */ = {isa = PBXBuildFile; fileRef = 4CA2A31A2A88263D005D1C45 /* Board_v1_invalid_version.stackboard */; };
/* End PBXBuildFile section */

/* Begin PBXContainerItemProxy section */
		4C8644D02A82B42D00184C1B /* PBXContainerItemProxy */ = {
			isa = PBXContainerItemProxy;
			containerPortal = 4C8644B32A82B42C00184C1B /* Project object */;
			proxyType = 1;
			remoteGlobalIDString = 4C8644BA2A82B42C00184C1B;
			remoteInfo = Stack;
		};
		4C8644DA2A82B42D00184C1B /* PBXContainerItemProxy */ = {
			isa = PBXContainerItemProxy;
			containerPortal = 4C8644B32A82B42C00184C1B /* Project object */;
			proxyType = 1;
			remoteGlobalIDString = 4C8644BA2A82B42C00184C1B;
			remoteInfo = Stack;
		};
/* End PBXContainerItemProxy section */

/* Begin PBXFileReference section */
		4C055F162A88256B00ADD9E2 /* Board_v1_no_version.stackboard */ = {isa = PBXFileReference; lastKnownFileType = text; path = Board_v1_no_version.stackboard; sourceTree = "<group>"; };
		4C05C1422A8A7F0700AF6036 /* Category.swift */ = {isa = PBXFileReference; lastKnownFileType = sourcecode.swift; path = Category.swift; sourceTree = "<group>"; };
		4C05C1492A8A8A0600AF6036 /* DocumentStorage.swift */ = {isa = PBXFileReference; lastKnownFileType = sourcecode.swift; path = DocumentStorage.swift; sourceTree = "<group>"; };
		4C05C14E2A8C0FBE00AF6036 /* Board_v1_minimum.stackboard */ = {isa = PBXFileReference; lastKnownFileType = text; path = Board_v1_minimum.stackboard; sourceTree = "<group>"; };
		4C05C1522A8D35CF00AF6036 /* DocumentDataRepresentation.swift */ = {isa = PBXFileReference; lastKnownFileType = sourcecode.swift; path = DocumentDataRepresentation.swift; sourceTree = "<group>"; };
		4C05C1542A8D35EC00AF6036 /* DocumentDataPublisher.swift */ = {isa = PBXFileReference; lastKnownFileType = sourcecode.swift; path = DocumentDataPublisher.swift; sourceTree = "<group>"; };
		4C05C1572A8D363200AF6036 /* DocumentStorageTests.swift */ = {isa = PBXFileReference; lastKnownFileType = sourcecode.swift; path = DocumentStorageTests.swift; sourceTree = "<group>"; };
		4C05C15A2A8D36DE00AF6036 /* String+Extension.swift */ = {isa = PBXFileReference; lastKnownFileType = sourcecode.swift; path = "String+Extension.swift"; sourceTree = "<group>"; };
		4C05C15E2A8D376900AF6036 /* ContentProviderMock.swift */ = {isa = PBXFileReference; lastKnownFileType = sourcecode.swift; path = ContentProviderMock.swift; sourceTree = "<group>"; };
		4C05C1602A8D384E00AF6036 /* Data+Extension.swift */ = {isa = PBXFileReference; lastKnownFileType = sourcecode.swift; path = "Data+Extension.swift"; sourceTree = "<group>"; };
		4C0C5C2E2A877E860025B3C8 /* BoardColumn.swift */ = {isa = PBXFileReference; lastKnownFileType = sourcecode.swift; path = BoardColumn.swift; sourceTree = "<group>"; };
		4C0C5C302A877E950025B3C8 /* Card.swift */ = {isa = PBXFileReference; lastKnownFileType = sourcecode.swift; path = Card.swift; sourceTree = "<group>"; };
		4C0C5C322A877F0D0025B3C8 /* BoardContent.swift */ = {isa = PBXFileReference; lastKnownFileType = sourcecode.swift; path = BoardContent.swift; sourceTree = "<group>"; };
		4C0C5C352A87801E0025B3C8 /* Period.swift */ = {isa = PBXFileReference; lastKnownFileType = sourcecode.swift; path = Period.swift; sourceTree = "<group>"; };
		4C0C5C382A8782280025B3C8 /* ContentProvider.swift */ = {isa = PBXFileReference; lastKnownFileType = sourcecode.swift; path = ContentProvider.swift; sourceTree = "<group>"; };
		4C0C5C3C2A8788330025B3C8 /* VersionedFile.swift */ = {isa = PBXFileReference; lastKnownFileType = sourcecode.swift; path = VersionedFile.swift; sourceTree = "<group>"; };
		4C0C5C442A87CA370025B3C8 /* DocumentFile.swift */ = {isa = PBXFileReference; lastKnownFileType = sourcecode.swift; path = DocumentFile.swift; sourceTree = "<group>"; };
		4C0C5C462A87CFA70025B3C8 /* BoardDataProvider.swift */ = {isa = PBXFileReference; lastKnownFileType = sourcecode.swift; path = BoardDataProvider.swift; sourceTree = "<group>"; };
		4C0C5C4A2A87F40C0025B3C8 /* BoardDataProviderTests.swift */ = {isa = PBXFileReference; lastKnownFileType = sourcecode.swift; path = BoardDataProviderTests.swift; sourceTree = "<group>"; };
		4C0C5C4E2A87F6BC0025B3C8 /* Board_v1.stackboard */ = {isa = PBXFileReference; lastKnownFileType = text; path = Board_v1.stackboard; sourceTree = "<group>"; };
		4C0C5C502A881FCE0025B3C8 /* DocumentError.swift */ = {isa = PBXFileReference; lastKnownFileType = sourcecode.swift; path = DocumentError.swift; sourceTree = "<group>"; };
		4C0C5C552A88215B0025B3C8 /* Board_v1_broken.stackboard */ = {isa = PBXFileReference; lastKnownFileType = text; path = Board_v1_broken.stackboard; sourceTree = "<group>"; };
		4C1D14932A8D5514005691BD /* BoardPresenter.swift */ = {isa = PBXFileReference; lastKnownFileType = sourcecode.swift; path = BoardPresenter.swift; sourceTree = "<group>"; };
		4C1D14952A8D552D005691BD /* BoardInteractor.swift */ = {isa = PBXFileReference; lastKnownFileType = sourcecode.swift; path = BoardInteractor.swift; sourceTree = "<group>"; };
		4C1D14972A8EA57E005691BD /* BoardUnitModel.swift */ = {isa = PBXFileReference; lastKnownFileType = sourcecode.swift; path = BoardUnitModel.swift; sourceTree = "<group>"; };
		4C1D14992A8EA704005691BD /* ViewState.swift */ = {isa = PBXFileReference; lastKnownFileType = sourcecode.swift; path = ViewState.swift; sourceTree = "<group>"; };
		4C1D14A22A8EB63B005691BD /* ColumnView.swift */ = {isa = PBXFileReference; lastKnownFileType = sourcecode.swift; path = ColumnView.swift; sourceTree = "<group>"; };
		4C1D14A42A8EB64A005691BD /* ColumnConfiguration.swift */ = {isa = PBXFileReference; lastKnownFileType = sourcecode.swift; path = ColumnConfiguration.swift; sourceTree = "<group>"; };
		4C1D14A62A8EB6E1005691BD /* ColumnHeader.swift */ = {isa = PBXFileReference; lastKnownFileType = sourcecode.swift; path = ColumnHeader.swift; sourceTree = "<group>"; };
		4C1D14AB2A8EB9BE005691BD /* NSTextField+Extension.swift */ = {isa = PBXFileReference; lastKnownFileType = sourcecode.swift; path = "NSTextField+Extension.swift"; sourceTree = "<group>"; };
		4C1D14AD2A8F459F005691BD /* BoardUnitAssembly.swift */ = {isa = PBXFileReference; lastKnownFileType = sourcecode.swift; path = BoardUnitAssembly.swift; sourceTree = "<group>"; };
		4C1D14AF2A8FCA38005691BD /* BoardPresenterTests.swift */ = {isa = PBXFileReference; lastKnownFileType = sourcecode.swift; path = BoardPresenterTests.swift; sourceTree = "<group>"; };
		4C1D14B22A8FCAFC005691BD /* BoardInteractorMock.swift */ = {isa = PBXFileReference; lastKnownFileType = sourcecode.swift; path = BoardInteractorMock.swift; sourceTree = "<group>"; };
		4C1D14B42A8FE5ED005691BD /* BoardViewMock.swift */ = {isa = PBXFileReference; lastKnownFileType = sourcecode.swift; path = BoardViewMock.swift; sourceTree = "<group>"; };
		4C1D14B62A8FEE94005691BD /* BoardInteractorTests.swift */ = {isa = PBXFileReference; lastKnownFileType = sourcecode.swift; path = BoardInteractorTests.swift; sourceTree = "<group>"; };
		4C1D14B82A8FEEFF005691BD /* BoardPresenterMock.swift */ = {isa = PBXFileReference; lastKnownFileType = sourcecode.swift; path = BoardPresenterMock.swift; sourceTree = "<group>"; };
		4C1D14BA2A8FF07A005691BD /* BoardDataPublisherMock.swift */ = {isa = PBXFileReference; lastKnownFileType = sourcecode.swift; path = BoardDataPublisherMock.swift; sourceTree = "<group>"; };
		4C8644BB2A82B42C00184C1B /* Stack.app */ = {isa = PBXFileReference; explicitFileType = wrapper.application; includeInIndex = 0; path = Stack.app; sourceTree = BUILT_PRODUCTS_DIR; };
		4C8644BE2A82B42C00184C1B /* AppDelegate.swift */ = {isa = PBXFileReference; lastKnownFileType = sourcecode.swift; path = AppDelegate.swift; sourceTree = "<group>"; };
		4C8644C02A82B42C00184C1B /* BoardViewController.swift */ = {isa = PBXFileReference; lastKnownFileType = sourcecode.swift; path = BoardViewController.swift; sourceTree = "<group>"; };
		4C8644C22A82B42C00184C1B /* BoardDocument.swift */ = {isa = PBXFileReference; lastKnownFileType = sourcecode.swift; path = BoardDocument.swift; sourceTree = "<group>"; };
		4C8644C42A82B42D00184C1B /* Assets.xcassets */ = {isa = PBXFileReference; lastKnownFileType = folder.assetcatalog; path = Assets.xcassets; sourceTree = "<group>"; };
		4C8644C72A82B42D00184C1B /* Base */ = {isa = PBXFileReference; lastKnownFileType = file.storyboard; name = Base; path = Base.lproj/Main.storyboard; sourceTree = "<group>"; };
		4C8644C92A82B42D00184C1B /* Info.plist */ = {isa = PBXFileReference; lastKnownFileType = text.plist.xml; path = Info.plist; sourceTree = "<group>"; };
		4C8644CA2A82B42D00184C1B /* Stack.entitlements */ = {isa = PBXFileReference; lastKnownFileType = text.plist.entitlements; path = Stack.entitlements; sourceTree = "<group>"; };
		4C8644CF2A82B42D00184C1B /* StackTests.xctest */ = {isa = PBXFileReference; explicitFileType = wrapper.cfbundle; includeInIndex = 0; path = StackTests.xctest; sourceTree = BUILT_PRODUCTS_DIR; };
		4C8644D92A82B42D00184C1B /* StackUITests.xctest */ = {isa = PBXFileReference; explicitFileType = wrapper.cfbundle; includeInIndex = 0; path = StackUITests.xctest; sourceTree = BUILT_PRODUCTS_DIR; };
		4C8644DD2A82B42D00184C1B /* StackUITests.swift */ = {isa = PBXFileReference; lastKnownFileType = sourcecode.swift; path = StackUITests.swift; sourceTree = "<group>"; };
		4C8644DF2A82B42D00184C1B /* StackUITestsLaunchTests.swift */ = {isa = PBXFileReference; lastKnownFileType = sourcecode.swift; path = StackUITestsLaunchTests.swift; sourceTree = "<group>"; };
		4CA2A31A2A88263D005D1C45 /* Board_v1_invalid_version.stackboard */ = {isa = PBXFileReference; lastKnownFileType = text; path = Board_v1_invalid_version.stackboard; sourceTree = "<group>"; };
/* End PBXFileReference section */

/* Begin PBXFrameworksBuildPhase section */
		4C8644B82A82B42C00184C1B /* Frameworks */ = {
			isa = PBXFrameworksBuildPhase;
			buildActionMask = 2147483647;
			files = (
				4C1D149D2A8EAFFD005691BD /* DesignSystem in Frameworks */,
			);
			runOnlyForDeploymentPostprocessing = 0;
		};
		4C8644CC2A82B42D00184C1B /* Frameworks */ = {
			isa = PBXFrameworksBuildPhase;
			buildActionMask = 2147483647;
			files = (
			);
			runOnlyForDeploymentPostprocessing = 0;
		};
		4C8644D62A82B42D00184C1B /* Frameworks */ = {
			isa = PBXFrameworksBuildPhase;
			buildActionMask = 2147483647;
			files = (
			);
			runOnlyForDeploymentPostprocessing = 0;
		};
/* End PBXFrameworksBuildPhase section */

/* Begin PBXGroup section */
		4C0588182A82BEB900078733 /* Board */ = {
			isa = PBXGroup;
			children = (
				4C1D14922A8D54EE005691BD /* Unit */,
				4C1D14A12A8EB622005691BD /* Views */,
				4C05C1442A8A866300AF6036 /* Models */,
				4C0C5C462A87CFA70025B3C8 /* BoardDataProvider.swift */,
				4C8644C22A82B42C00184C1B /* BoardDocument.swift */,
			);
			path = Board;
			sourceTree = "<group>";
		};
		4C0588192A82BEE300078733 /* Docs */ = {
			isa = PBXGroup;
			children = (
				4C0588182A82BEB900078733 /* Board */,
			);
			path = Docs;
			sourceTree = "<group>";
		};
		4C05C1442A8A866300AF6036 /* Models */ = {
			isa = PBXGroup;
			children = (
				4C0C5C352A87801E0025B3C8 /* Period.swift */,
				4C0C5C322A877F0D0025B3C8 /* BoardContent.swift */,
				4C0C5C2E2A877E860025B3C8 /* BoardColumn.swift */,
			);
			path = Models;
			sourceTree = "<group>";
		};
		4C05C1502A8C10C300AF6036 /* V1 */ = {
			isa = PBXGroup;
			children = (
				4C0C5C4E2A87F6BC0025B3C8 /* Board_v1.stackboard */,
				4C05C14E2A8C0FBE00AF6036 /* Board_v1_minimum.stackboard */,
				4C0C5C552A88215B0025B3C8 /* Board_v1_broken.stackboard */,
				4C055F162A88256B00ADD9E2 /* Board_v1_no_version.stackboard */,
				4CA2A31A2A88263D005D1C45 /* Board_v1_invalid_version.stackboard */,
			);
			path = V1;
			sourceTree = "<group>";
		};
		4C05C1512A8D35BD00AF6036 /* Protocols */ = {
			isa = PBXGroup;
			children = (
				4C05C1522A8D35CF00AF6036 /* DocumentDataRepresentation.swift */,
				4C05C1542A8D35EC00AF6036 /* DocumentDataPublisher.swift */,
			);
			path = Protocols;
			sourceTree = "<group>";
		};
		4C05C1562A8D362200AF6036 /* Services */ = {
			isa = PBXGroup;
			children = (
				4C05C15C2A8D374C00AF6036 /* Mocks */,
				4C05C15D2A8D375300AF6036 /* Tests */,
			);
			path = Services;
			sourceTree = "<group>";
		};
		4C05C1592A8D36CA00AF6036 /* Extensions */ = {
			isa = PBXGroup;
			children = (
				4C05C15A2A8D36DE00AF6036 /* String+Extension.swift */,
				4C05C1602A8D384E00AF6036 /* Data+Extension.swift */,
			);
			path = Extensions;
			sourceTree = "<group>";
		};
		4C05C15C2A8D374C00AF6036 /* Mocks */ = {
			isa = PBXGroup;
			children = (
				4C05C15E2A8D376900AF6036 /* ContentProviderMock.swift */,
			);
			path = Mocks;
			sourceTree = "<group>";
		};
		4C05C15D2A8D375300AF6036 /* Tests */ = {
			isa = PBXGroup;
			children = (
				4C05C1572A8D363200AF6036 /* DocumentStorageTests.swift */,
			);
			path = Tests;
			sourceTree = "<group>";
		};
		4C0C5C2D2A877E660025B3C8 /* Models */ = {
			isa = PBXGroup;
			children = (
				4C0C5C442A87CA370025B3C8 /* DocumentFile.swift */,
				4C0C5C3C2A8788330025B3C8 /* VersionedFile.swift */,
				4C0C5C302A877E950025B3C8 /* Card.swift */,
				4C05C1422A8A7F0700AF6036 /* Category.swift */,
			);
			path = Models;
			sourceTree = "<group>";
		};
		4C0C5C372A87820F0025B3C8 /* Services */ = {
			isa = PBXGroup;
			children = (
				4C05C1512A8D35BD00AF6036 /* Protocols */,
				4C0C5C382A8782280025B3C8 /* ContentProvider.swift */,
				4C05C1492A8A8A0600AF6036 /* DocumentStorage.swift */,
				4C0C5C502A881FCE0025B3C8 /* DocumentError.swift */,
			);
			path = Services;
			sourceTree = "<group>";
		};
		4C0C5C482A87F3D40025B3C8 /* Docs */ = {
			isa = PBXGroup;
			children = (
				4C0C5C492A87F3DD0025B3C8 /* Board */,
			);
			path = Docs;
			sourceTree = "<group>";
		};
		4C0C5C492A87F3DD0025B3C8 /* Board */ = {
			isa = PBXGroup;
			children = (
				4C1D14B12A8FCAEA005691BD /* Mocks */,
				4C0C5C4D2A87F42C0025B3C8 /* Tests */,
				4C0C5C4C2A87F4150025B3C8 /* Files */,
			);
			path = Board;
			sourceTree = "<group>";
		};
		4C0C5C4C2A87F4150025B3C8 /* Files */ = {
			isa = PBXGroup;
			children = (
				4C05C1502A8C10C300AF6036 /* V1 */,
			);
			path = Files;
			sourceTree = "<group>";
		};
		4C0C5C4D2A87F42C0025B3C8 /* Tests */ = {
			isa = PBXGroup;
			children = (
				4C0C5C4A2A87F40C0025B3C8 /* BoardDataProviderTests.swift */,
				4C1D14AF2A8FCA38005691BD /* BoardPresenterTests.swift */,
				4C1D14B62A8FEE94005691BD /* BoardInteractorTests.swift */,
			);
			path = Tests;
			sourceTree = "<group>";
		};
		4C0C5C522A88202A0025B3C8 /* Resource */ = {
			isa = PBXGroup;
			children = (
				4C8644C42A82B42D00184C1B /* Assets.xcassets */,
				4C8644C62A82B42D00184C1B /* Main.storyboard */,
			);
			path = Resource;
			sourceTree = "<group>";
		};
		4C1D14922A8D54EE005691BD /* Unit */ = {
			isa = PBXGroup;
			children = (
				4C1D14AD2A8F459F005691BD /* BoardUnitAssembly.swift */,
				4C8644C02A82B42C00184C1B /* BoardViewController.swift */,
				4C1D14932A8D5514005691BD /* BoardPresenter.swift */,
				4C1D14952A8D552D005691BD /* BoardInteractor.swift */,
				4C1D14972A8EA57E005691BD /* BoardUnitModel.swift */,
			);
			path = Unit;
			sourceTree = "<group>";
		};
		4C1D14A12A8EB622005691BD /* Views */ = {
			isa = PBXGroup;
			children = (
				4C1D14A92A8EB74F005691BD /* ColumnHeader */,
				4C1D14A82A8EB73E005691BD /* ColumnView */,
			);
			path = Views;
			sourceTree = "<group>";
		};
		4C1D14A82A8EB73E005691BD /* ColumnView */ = {
			isa = PBXGroup;
			children = (
				4C1D14A22A8EB63B005691BD /* ColumnView.swift */,
				4C1D14A42A8EB64A005691BD /* ColumnConfiguration.swift */,
			);
			path = ColumnView;
			sourceTree = "<group>";
		};
		4C1D14A92A8EB74F005691BD /* ColumnHeader */ = {
			isa = PBXGroup;
			children = (
				4C1D14A62A8EB6E1005691BD /* ColumnHeader.swift */,
			);
			path = ColumnHeader;
			sourceTree = "<group>";
		};
		4C1D14AA2A8EB9A8005691BD /* Extensions */ = {
			isa = PBXGroup;
			children = (
				4C1D14AB2A8EB9BE005691BD /* NSTextField+Extension.swift */,
			);
			path = Extensions;
			sourceTree = "<group>";
		};
		4C1D14B12A8FCAEA005691BD /* Mocks */ = {
			isa = PBXGroup;
			children = (
				4C1D14B22A8FCAFC005691BD /* BoardInteractorMock.swift */,
				4C1D14B42A8FE5ED005691BD /* BoardViewMock.swift */,
				4C1D14B82A8FEEFF005691BD /* BoardPresenterMock.swift */,
				4C1D14BA2A8FF07A005691BD /* BoardDataPublisherMock.swift */,
			);
			path = Mocks;
			sourceTree = "<group>";
		};
		4C8644B22A82B42C00184C1B = {
			isa = PBXGroup;
			children = (
				4C8644BD2A82B42C00184C1B /* Stack */,
				4C8644D22A82B42D00184C1B /* StackTests */,
				4C8644DC2A82B42D00184C1B /* StackUITests */,
				4C8644BC2A82B42C00184C1B /* Products */,
			);
			sourceTree = "<group>";
		};
		4C8644BC2A82B42C00184C1B /* Products */ = {
			isa = PBXGroup;
			children = (
				4C8644BB2A82B42C00184C1B /* Stack.app */,
				4C8644CF2A82B42D00184C1B /* StackTests.xctest */,
				4C8644D92A82B42D00184C1B /* StackUITests.xctest */,
			);
			name = Products;
			sourceTree = "<group>";
		};
		4C8644BD2A82B42C00184C1B /* Stack */ = {
			isa = PBXGroup;
			children = (
				4C8644BE2A82B42C00184C1B /* AppDelegate.swift */,
				4C8644C92A82B42D00184C1B /* Info.plist */,
				4C8644CA2A82B42D00184C1B /* Stack.entitlements */,
				4C0C5C372A87820F0025B3C8 /* Services */,
				4C0C5C2D2A877E660025B3C8 /* Models */,
				4C0588192A82BEE300078733 /* Docs */,
				4CA2A3312A892A58005D1C45 /* UserInterface */,
				4C0C5C522A88202A0025B3C8 /* Resource */,
			);
			path = Stack;
			sourceTree = "<group>";
		};
		4C8644D22A82B42D00184C1B /* StackTests */ = {
			isa = PBXGroup;
			children = (
				4C05C1592A8D36CA00AF6036 /* Extensions */,
				4C05C1562A8D362200AF6036 /* Services */,
				4C0C5C482A87F3D40025B3C8 /* Docs */,
			);
			path = StackTests;
			sourceTree = "<group>";
		};
		4C8644DC2A82B42D00184C1B /* StackUITests */ = {
			isa = PBXGroup;
			children = (
				4C8644DD2A82B42D00184C1B /* StackUITests.swift */,
				4C8644DF2A82B42D00184C1B /* StackUITestsLaunchTests.swift */,
			);
			path = StackUITests;
			sourceTree = "<group>";
		};
		4CA2A3312A892A58005D1C45 /* UserInterface */ = {
			isa = PBXGroup;
			children = (
				4C1D14AA2A8EB9A8005691BD /* Extensions */,
				4C1D14992A8EA704005691BD /* ViewState.swift */,
			);
			path = UserInterface;
			sourceTree = "<group>";
		};
/* End PBXGroup section */

/* Begin PBXNativeTarget section */
		4C8644BA2A82B42C00184C1B /* Stack */ = {
			isa = PBXNativeTarget;
			buildConfigurationList = 4C8644E32A82B42D00184C1B /* Build configuration list for PBXNativeTarget "Stack" */;
			buildPhases = (
				4C8644B72A82B42C00184C1B /* Sources */,
				4C8644B82A82B42C00184C1B /* Frameworks */,
				4C8644B92A82B42C00184C1B /* Resources */,
			);
			buildRules = (
			);
			dependencies = (
			);
			name = Stack;
			packageProductDependencies = (
				4C1D149C2A8EAFFD005691BD /* DesignSystem */,
			);
			productName = Stack;
			productReference = 4C8644BB2A82B42C00184C1B /* Stack.app */;
			productType = "com.apple.product-type.application";
		};
		4C8644CE2A82B42D00184C1B /* StackTests */ = {
			isa = PBXNativeTarget;
			buildConfigurationList = 4C8644E62A82B42D00184C1B /* Build configuration list for PBXNativeTarget "StackTests" */;
			buildPhases = (
				4C8644CB2A82B42D00184C1B /* Sources */,
				4C8644CC2A82B42D00184C1B /* Frameworks */,
				4C8644CD2A82B42D00184C1B /* Resources */,
			);
			buildRules = (
			);
			dependencies = (
				4C8644D12A82B42D00184C1B /* PBXTargetDependency */,
			);
			name = StackTests;
			productName = StackTests;
			productReference = 4C8644CF2A82B42D00184C1B /* StackTests.xctest */;
			productType = "com.apple.product-type.bundle.unit-test";
		};
		4C8644D82A82B42D00184C1B /* StackUITests */ = {
			isa = PBXNativeTarget;
			buildConfigurationList = 4C8644E92A82B42D00184C1B /* Build configuration list for PBXNativeTarget "StackUITests" */;
			buildPhases = (
				4C8644D52A82B42D00184C1B /* Sources */,
				4C8644D62A82B42D00184C1B /* Frameworks */,
				4C8644D72A82B42D00184C1B /* Resources */,
			);
			buildRules = (
			);
			dependencies = (
				4C8644DB2A82B42D00184C1B /* PBXTargetDependency */,
			);
			name = StackUITests;
			productName = StackUITests;
			productReference = 4C8644D92A82B42D00184C1B /* StackUITests.xctest */;
			productType = "com.apple.product-type.bundle.ui-testing";
		};
/* End PBXNativeTarget section */

/* Begin PBXProject section */
		4C8644B32A82B42C00184C1B /* Project object */ = {
			isa = PBXProject;
			attributes = {
				BuildIndependentTargetsInParallel = 1;
				LastSwiftUpdateCheck = 1430;
				LastUpgradeCheck = 1430;
				TargetAttributes = {
					4C8644BA2A82B42C00184C1B = {
						CreatedOnToolsVersion = 14.3.1;
					};
					4C8644CE2A82B42D00184C1B = {
						CreatedOnToolsVersion = 14.3.1;
						TestTargetID = 4C8644BA2A82B42C00184C1B;
					};
					4C8644D82A82B42D00184C1B = {
						CreatedOnToolsVersion = 14.3.1;
						TestTargetID = 4C8644BA2A82B42C00184C1B;
					};
				};
			};
			buildConfigurationList = 4C8644B62A82B42C00184C1B /* Build configuration list for PBXProject "Stack" */;
			compatibilityVersion = "Xcode 14.0";
			developmentRegion = en;
			hasScannedForEncodings = 0;
			knownRegions = (
				en,
				Base,
			);
			mainGroup = 4C8644B22A82B42C00184C1B;
			packageReferences = (
				4C1D149B2A8EAFFD005691BD /* XCRemoteSwiftPackageReference "DesignSystem" */,
			);
			productRefGroup = 4C8644BC2A82B42C00184C1B /* Products */;
			projectDirPath = "";
			projectRoot = "";
			targets = (
				4C8644BA2A82B42C00184C1B /* Stack */,
				4C8644CE2A82B42D00184C1B /* StackTests */,
				4C8644D82A82B42D00184C1B /* StackUITests */,
			);
		};
/* End PBXProject section */

/* Begin PBXResourcesBuildPhase section */
		4C8644B92A82B42C00184C1B /* Resources */ = {
			isa = PBXResourcesBuildPhase;
			buildActionMask = 2147483647;
			files = (
				4C8644C52A82B42D00184C1B /* Assets.xcassets in Resources */,
				4C8644C82A82B42D00184C1B /* Main.storyboard in Resources */,
			);
			runOnlyForDeploymentPostprocessing = 0;
		};
		4C8644CD2A82B42D00184C1B /* Resources */ = {
			isa = PBXResourcesBuildPhase;
			buildActionMask = 2147483647;
			files = (
				4C0C5C4F2A87F6BC0025B3C8 /* Board_v1.stackboard in Resources */,
				4C055F172A88256B00ADD9E2 /* Board_v1_no_version.stackboard in Resources */,
				4CA2A31B2A88263D005D1C45 /* Board_v1_invalid_version.stackboard in Resources */,
				4C05C14F2A8C0FBE00AF6036 /* Board_v1_minimum.stackboard in Resources */,
				4C0C5C562A88215B0025B3C8 /* Board_v1_broken.stackboard in Resources */,
			);
			runOnlyForDeploymentPostprocessing = 0;
		};
		4C8644D72A82B42D00184C1B /* Resources */ = {
			isa = PBXResourcesBuildPhase;
			buildActionMask = 2147483647;
			files = (
			);
			runOnlyForDeploymentPostprocessing = 0;
		};
/* End PBXResourcesBuildPhase section */

/* Begin PBXSourcesBuildPhase section */
		4C8644B72A82B42C00184C1B /* Sources */ = {
			isa = PBXSourcesBuildPhase;
			buildActionMask = 2147483647;
			files = (
				4C1D14AC2A8EB9BE005691BD /* NSTextField+Extension.swift in Sources */,
				4C8644C12A82B42C00184C1B /* BoardViewController.swift in Sources */,
				4C0C5C332A877F0D0025B3C8 /* BoardContent.swift in Sources */,
				4C1D149A2A8EA704005691BD /* ViewState.swift in Sources */,
				4C1D14A32A8EB63B005691BD /* ColumnView.swift in Sources */,
				4C0C5C2F2A877E860025B3C8 /* BoardColumn.swift in Sources */,
				4C0C5C512A881FCE0025B3C8 /* DocumentError.swift in Sources */,
				4C1D14942A8D5514005691BD /* BoardPresenter.swift in Sources */,
				4C0C5C312A877E950025B3C8 /* Card.swift in Sources */,
				4C1D14AE2A8F459F005691BD /* BoardUnitAssembly.swift in Sources */,
				4C0C5C452A87CA370025B3C8 /* DocumentFile.swift in Sources */,
				4C05C1532A8D35CF00AF6036 /* DocumentDataRepresentation.swift in Sources */,
				4C8644BF2A82B42C00184C1B /* AppDelegate.swift in Sources */,
				4C0C5C472A87CFA70025B3C8 /* BoardDataProvider.swift in Sources */,
				4C05C14A2A8A8A0600AF6036 /* DocumentStorage.swift in Sources */,
				4C0C5C392A8782280025B3C8 /* ContentProvider.swift in Sources */,
				4C1D14A72A8EB6E1005691BD /* ColumnHeader.swift in Sources */,
				4C1D14A52A8EB64A005691BD /* ColumnConfiguration.swift in Sources */,
				4C05C1432A8A7F0700AF6036 /* Category.swift in Sources */,
				4C8644C32A82B42C00184C1B /* BoardDocument.swift in Sources */,
				4C05C1552A8D35EC00AF6036 /* DocumentDataPublisher.swift in Sources */,
				4C1D14982A8EA57E005691BD /* BoardUnitModel.swift in Sources */,
				4C1D14962A8D552D005691BD /* BoardInteractor.swift in Sources */,
				4C0C5C3D2A8788330025B3C8 /* VersionedFile.swift in Sources */,
				4C0C5C362A87801E0025B3C8 /* Period.swift in Sources */,
			);
			runOnlyForDeploymentPostprocessing = 0;
		};
		4C8644CB2A82B42D00184C1B /* Sources */ = {
			isa = PBXSourcesBuildPhase;
			buildActionMask = 2147483647;
			files = (
				4C1D14B32A8FCAFC005691BD /* BoardInteractorMock.swift in Sources */,
				4C1D14BB2A8FF07A005691BD /* BoardDataPublisherMock.swift in Sources */,
				4C05C15F2A8D376900AF6036 /* ContentProviderMock.swift in Sources */,
				4C05C1582A8D363200AF6036 /* DocumentStorageTests.swift in Sources */,
				4C1D14B52A8FE5ED005691BD /* BoardViewMock.swift in Sources */,
				4C05C1612A8D384E00AF6036 /* Data+Extension.swift in Sources */,
				4C1D14B72A8FEE94005691BD /* BoardInteractorTests.swift in Sources */,
				4C1D14B02A8FCA38005691BD /* BoardPresenterTests.swift in Sources */,
				4C05C15B2A8D36DE00AF6036 /* String+Extension.swift in Sources */,
				4C0C5C4B2A87F40C0025B3C8 /* BoardDataProviderTests.swift in Sources */,
				4C1D14B92A8FEEFF005691BD /* BoardPresenterMock.swift in Sources */,
			);
			runOnlyForDeploymentPostprocessing = 0;
		};
		4C8644D52A82B42D00184C1B /* Sources */ = {
			isa = PBXSourcesBuildPhase;
			buildActionMask = 2147483647;
			files = (
				4C8644DE2A82B42D00184C1B /* StackUITests.swift in Sources */,
				4C8644E02A82B42D00184C1B /* StackUITestsLaunchTests.swift in Sources */,
			);
			runOnlyForDeploymentPostprocessing = 0;
		};
/* End PBXSourcesBuildPhase section */

/* Begin PBXTargetDependency section */
		4C8644D12A82B42D00184C1B /* PBXTargetDependency */ = {
			isa = PBXTargetDependency;
			target = 4C8644BA2A82B42C00184C1B /* Stack */;
			targetProxy = 4C8644D02A82B42D00184C1B /* PBXContainerItemProxy */;
		};
		4C8644DB2A82B42D00184C1B /* PBXTargetDependency */ = {
			isa = PBXTargetDependency;
			target = 4C8644BA2A82B42C00184C1B /* Stack */;
			targetProxy = 4C8644DA2A82B42D00184C1B /* PBXContainerItemProxy */;
		};
/* End PBXTargetDependency section */

/* Begin PBXVariantGroup section */
		4C8644C62A82B42D00184C1B /* Main.storyboard */ = {
			isa = PBXVariantGroup;
			children = (
				4C8644C72A82B42D00184C1B /* Base */,
			);
			name = Main.storyboard;
			sourceTree = "<group>";
		};
/* End PBXVariantGroup section */

/* Begin XCBuildConfiguration section */
		4C8644E12A82B42D00184C1B /* Debug */ = {
			isa = XCBuildConfiguration;
			buildSettings = {
				ALWAYS_SEARCH_USER_PATHS = NO;
				CLANG_ANALYZER_NONNULL = YES;
				CLANG_ANALYZER_NUMBER_OBJECT_CONVERSION = YES_AGGRESSIVE;
				CLANG_CXX_LANGUAGE_STANDARD = "gnu++20";
				CLANG_ENABLE_MODULES = YES;
				CLANG_ENABLE_OBJC_ARC = YES;
				CLANG_ENABLE_OBJC_WEAK = YES;
				CLANG_WARN_BLOCK_CAPTURE_AUTORELEASING = YES;
				CLANG_WARN_BOOL_CONVERSION = YES;
				CLANG_WARN_COMMA = YES;
				CLANG_WARN_CONSTANT_CONVERSION = YES;
				CLANG_WARN_DEPRECATED_OBJC_IMPLEMENTATIONS = YES;
				CLANG_WARN_DIRECT_OBJC_ISA_USAGE = YES_ERROR;
				CLANG_WARN_DOCUMENTATION_COMMENTS = YES;
				CLANG_WARN_EMPTY_BODY = YES;
				CLANG_WARN_ENUM_CONVERSION = YES;
				CLANG_WARN_INFINITE_RECURSION = YES;
				CLANG_WARN_INT_CONVERSION = YES;
				CLANG_WARN_NON_LITERAL_NULL_CONVERSION = YES;
				CLANG_WARN_OBJC_IMPLICIT_RETAIN_SELF = YES;
				CLANG_WARN_OBJC_LITERAL_CONVERSION = YES;
				CLANG_WARN_OBJC_ROOT_CLASS = YES_ERROR;
				CLANG_WARN_QUOTED_INCLUDE_IN_FRAMEWORK_HEADER = YES;
				CLANG_WARN_RANGE_LOOP_ANALYSIS = YES;
				CLANG_WARN_STRICT_PROTOTYPES = YES;
				CLANG_WARN_SUSPICIOUS_MOVE = YES;
				CLANG_WARN_UNGUARDED_AVAILABILITY = YES_AGGRESSIVE;
				CLANG_WARN_UNREACHABLE_CODE = YES;
				CLANG_WARN__DUPLICATE_METHOD_MATCH = YES;
				COPY_PHASE_STRIP = NO;
				DEBUG_INFORMATION_FORMAT = dwarf;
				ENABLE_STRICT_OBJC_MSGSEND = YES;
				ENABLE_TESTABILITY = YES;
				GCC_C_LANGUAGE_STANDARD = gnu11;
				GCC_DYNAMIC_NO_PIC = NO;
				GCC_NO_COMMON_BLOCKS = YES;
				GCC_OPTIMIZATION_LEVEL = 0;
				GCC_PREPROCESSOR_DEFINITIONS = (
					"DEBUG=1",
					"$(inherited)",
				);
				GCC_WARN_64_TO_32_BIT_CONVERSION = YES;
				GCC_WARN_ABOUT_RETURN_TYPE = YES_ERROR;
				GCC_WARN_UNDECLARED_SELECTOR = YES;
				GCC_WARN_UNINITIALIZED_AUTOS = YES_AGGRESSIVE;
				GCC_WARN_UNUSED_FUNCTION = YES;
				GCC_WARN_UNUSED_VARIABLE = YES;
				MACOSX_DEPLOYMENT_TARGET = 13.3;
				MTL_ENABLE_DEBUG_INFO = INCLUDE_SOURCE;
				MTL_FAST_MATH = YES;
				ONLY_ACTIVE_ARCH = YES;
				SDKROOT = macosx;
				SWIFT_ACTIVE_COMPILATION_CONDITIONS = DEBUG;
				SWIFT_OPTIMIZATION_LEVEL = "-Onone";
			};
			name = Debug;
		};
		4C8644E22A82B42D00184C1B /* Release */ = {
			isa = XCBuildConfiguration;
			buildSettings = {
				ALWAYS_SEARCH_USER_PATHS = NO;
				CLANG_ANALYZER_NONNULL = YES;
				CLANG_ANALYZER_NUMBER_OBJECT_CONVERSION = YES_AGGRESSIVE;
				CLANG_CXX_LANGUAGE_STANDARD = "gnu++20";
				CLANG_ENABLE_MODULES = YES;
				CLANG_ENABLE_OBJC_ARC = YES;
				CLANG_ENABLE_OBJC_WEAK = YES;
				CLANG_WARN_BLOCK_CAPTURE_AUTORELEASING = YES;
				CLANG_WARN_BOOL_CONVERSION = YES;
				CLANG_WARN_COMMA = YES;
				CLANG_WARN_CONSTANT_CONVERSION = YES;
				CLANG_WARN_DEPRECATED_OBJC_IMPLEMENTATIONS = YES;
				CLANG_WARN_DIRECT_OBJC_ISA_USAGE = YES_ERROR;
				CLANG_WARN_DOCUMENTATION_COMMENTS = YES;
				CLANG_WARN_EMPTY_BODY = YES;
				CLANG_WARN_ENUM_CONVERSION = YES;
				CLANG_WARN_INFINITE_RECURSION = YES;
				CLANG_WARN_INT_CONVERSION = YES;
				CLANG_WARN_NON_LITERAL_NULL_CONVERSION = YES;
				CLANG_WARN_OBJC_IMPLICIT_RETAIN_SELF = YES;
				CLANG_WARN_OBJC_LITERAL_CONVERSION = YES;
				CLANG_WARN_OBJC_ROOT_CLASS = YES_ERROR;
				CLANG_WARN_QUOTED_INCLUDE_IN_FRAMEWORK_HEADER = YES;
				CLANG_WARN_RANGE_LOOP_ANALYSIS = YES;
				CLANG_WARN_STRICT_PROTOTYPES = YES;
				CLANG_WARN_SUSPICIOUS_MOVE = YES;
				CLANG_WARN_UNGUARDED_AVAILABILITY = YES_AGGRESSIVE;
				CLANG_WARN_UNREACHABLE_CODE = YES;
				CLANG_WARN__DUPLICATE_METHOD_MATCH = YES;
				COPY_PHASE_STRIP = NO;
				DEBUG_INFORMATION_FORMAT = "dwarf-with-dsym";
				ENABLE_NS_ASSERTIONS = NO;
				ENABLE_STRICT_OBJC_MSGSEND = YES;
				GCC_C_LANGUAGE_STANDARD = gnu11;
				GCC_NO_COMMON_BLOCKS = YES;
				GCC_WARN_64_TO_32_BIT_CONVERSION = YES;
				GCC_WARN_ABOUT_RETURN_TYPE = YES_ERROR;
				GCC_WARN_UNDECLARED_SELECTOR = YES;
				GCC_WARN_UNINITIALIZED_AUTOS = YES_AGGRESSIVE;
				GCC_WARN_UNUSED_FUNCTION = YES;
				GCC_WARN_UNUSED_VARIABLE = YES;
				MACOSX_DEPLOYMENT_TARGET = 13.3;
				MTL_ENABLE_DEBUG_INFO = NO;
				MTL_FAST_MATH = YES;
				SDKROOT = macosx;
				SWIFT_COMPILATION_MODE = wholemodule;
				SWIFT_OPTIMIZATION_LEVEL = "-O";
			};
			name = Release;
		};
		4C8644E42A82B42D00184C1B /* Debug */ = {
			isa = XCBuildConfiguration;
			buildSettings = {
				ASSETCATALOG_COMPILER_APPICON_NAME = AppIcon;
				ASSETCATALOG_COMPILER_GLOBAL_ACCENT_COLOR_NAME = AccentColor;
				CODE_SIGN_ENTITLEMENTS = Stack/Stack.entitlements;
				CODE_SIGN_STYLE = Automatic;
				COMBINE_HIDPI_IMAGES = YES;
				CURRENT_PROJECT_VERSION = 1;
				DEVELOPMENT_TEAM = 48KV35Y6PN;
				ENABLE_HARDENED_RUNTIME = YES;
				GENERATE_INFOPLIST_FILE = YES;
				INFOPLIST_FILE = Stack/Info.plist;
				INFOPLIST_KEY_NSHumanReadableCopyright = "";
				INFOPLIST_KEY_NSMainStoryboardFile = Main;
				INFOPLIST_KEY_NSPrincipalClass = NSApplication;
				LD_RUNPATH_SEARCH_PATHS = (
					"$(inherited)",
					"@executable_path/../Frameworks",
				);
				MARKETING_VERSION = 1.0;
				PRODUCT_BUNDLE_IDENTIFIER = com.paperwave.Stack;
				PRODUCT_NAME = "$(TARGET_NAME)";
				SWIFT_EMIT_LOC_STRINGS = YES;
				SWIFT_VERSION = 5.0;
			};
			name = Debug;
		};
		4C8644E52A82B42D00184C1B /* Release */ = {
			isa = XCBuildConfiguration;
			buildSettings = {
				ASSETCATALOG_COMPILER_APPICON_NAME = AppIcon;
				ASSETCATALOG_COMPILER_GLOBAL_ACCENT_COLOR_NAME = AccentColor;
				CODE_SIGN_ENTITLEMENTS = Stack/Stack.entitlements;
				CODE_SIGN_STYLE = Automatic;
				COMBINE_HIDPI_IMAGES = YES;
				CURRENT_PROJECT_VERSION = 1;
				DEVELOPMENT_TEAM = 48KV35Y6PN;
				ENABLE_HARDENED_RUNTIME = YES;
				GENERATE_INFOPLIST_FILE = YES;
				INFOPLIST_FILE = Stack/Info.plist;
				INFOPLIST_KEY_NSHumanReadableCopyright = "";
				INFOPLIST_KEY_NSMainStoryboardFile = Main;
				INFOPLIST_KEY_NSPrincipalClass = NSApplication;
				LD_RUNPATH_SEARCH_PATHS = (
					"$(inherited)",
					"@executable_path/../Frameworks",
				);
				MARKETING_VERSION = 1.0;
				PRODUCT_BUNDLE_IDENTIFIER = com.paperwave.Stack;
				PRODUCT_NAME = "$(TARGET_NAME)";
				SWIFT_EMIT_LOC_STRINGS = YES;
				SWIFT_VERSION = 5.0;
			};
			name = Release;
		};
		4C8644E72A82B42D00184C1B /* Debug */ = {
			isa = XCBuildConfiguration;
			buildSettings = {
				ALWAYS_EMBED_SWIFT_STANDARD_LIBRARIES = YES;
				BUNDLE_LOADER = "$(TEST_HOST)";
				CODE_SIGN_STYLE = Automatic;
				CURRENT_PROJECT_VERSION = 1;
				DEVELOPMENT_TEAM = 48KV35Y6PN;
				GENERATE_INFOPLIST_FILE = YES;
				MACOSX_DEPLOYMENT_TARGET = 13.3;
				MARKETING_VERSION = 1.0;
				PRODUCT_BUNDLE_IDENTIFIER = com.paperwave.StackTests;
				PRODUCT_NAME = "$(TARGET_NAME)";
				SWIFT_EMIT_LOC_STRINGS = NO;
				SWIFT_VERSION = 5.0;
				TEST_HOST = "$(BUILT_PRODUCTS_DIR)/Stack.app/$(BUNDLE_EXECUTABLE_FOLDER_PATH)/Stack";
			};
			name = Debug;
		};
		4C8644E82A82B42D00184C1B /* Release */ = {
			isa = XCBuildConfiguration;
			buildSettings = {
				ALWAYS_EMBED_SWIFT_STANDARD_LIBRARIES = YES;
				BUNDLE_LOADER = "$(TEST_HOST)";
				CODE_SIGN_STYLE = Automatic;
				CURRENT_PROJECT_VERSION = 1;
				DEVELOPMENT_TEAM = 48KV35Y6PN;
				GENERATE_INFOPLIST_FILE = YES;
				MACOSX_DEPLOYMENT_TARGET = 13.3;
				MARKETING_VERSION = 1.0;
				PRODUCT_BUNDLE_IDENTIFIER = com.paperwave.StackTests;
				PRODUCT_NAME = "$(TARGET_NAME)";
				SWIFT_EMIT_LOC_STRINGS = NO;
				SWIFT_VERSION = 5.0;
				TEST_HOST = "$(BUILT_PRODUCTS_DIR)/Stack.app/$(BUNDLE_EXECUTABLE_FOLDER_PATH)/Stack";
			};
			name = Release;
		};
		4C8644EA2A82B42D00184C1B /* Debug */ = {
			isa = XCBuildConfiguration;
			buildSettings = {
				ALWAYS_EMBED_SWIFT_STANDARD_LIBRARIES = YES;
				CODE_SIGN_STYLE = Automatic;
				CURRENT_PROJECT_VERSION = 1;
				DEVELOPMENT_TEAM = 48KV35Y6PN;
				GENERATE_INFOPLIST_FILE = YES;
				MARKETING_VERSION = 1.0;
				PRODUCT_BUNDLE_IDENTIFIER = com.paperwave.StackUITests;
				PRODUCT_NAME = "$(TARGET_NAME)";
				SWIFT_EMIT_LOC_STRINGS = NO;
				SWIFT_VERSION = 5.0;
				TEST_TARGET_NAME = Stack;
			};
			name = Debug;
		};
		4C8644EB2A82B42D00184C1B /* Release */ = {
			isa = XCBuildConfiguration;
			buildSettings = {
				ALWAYS_EMBED_SWIFT_STANDARD_LIBRARIES = YES;
				CODE_SIGN_STYLE = Automatic;
				CURRENT_PROJECT_VERSION = 1;
				DEVELOPMENT_TEAM = 48KV35Y6PN;
				GENERATE_INFOPLIST_FILE = YES;
				MARKETING_VERSION = 1.0;
				PRODUCT_BUNDLE_IDENTIFIER = com.paperwave.StackUITests;
				PRODUCT_NAME = "$(TARGET_NAME)";
				SWIFT_EMIT_LOC_STRINGS = NO;
				SWIFT_VERSION = 5.0;
				TEST_TARGET_NAME = Stack;
			};
			name = Release;
		};
/* End XCBuildConfiguration section */

/* Begin XCConfigurationList section */
		4C8644B62A82B42C00184C1B /* Build configuration list for PBXProject "Stack" */ = {
			isa = XCConfigurationList;
			buildConfigurations = (
				4C8644E12A82B42D00184C1B /* Debug */,
				4C8644E22A82B42D00184C1B /* Release */,
			);
			defaultConfigurationIsVisible = 0;
			defaultConfigurationName = Release;
		};
		4C8644E32A82B42D00184C1B /* Build configuration list for PBXNativeTarget "Stack" */ = {
			isa = XCConfigurationList;
			buildConfigurations = (
				4C8644E42A82B42D00184C1B /* Debug */,
				4C8644E52A82B42D00184C1B /* Release */,
			);
			defaultConfigurationIsVisible = 0;
			defaultConfigurationName = Release;
		};
		4C8644E62A82B42D00184C1B /* Build configuration list for PBXNativeTarget "StackTests" */ = {
			isa = XCConfigurationList;
			buildConfigurations = (
				4C8644E72A82B42D00184C1B /* Debug */,
				4C8644E82A82B42D00184C1B /* Release */,
			);
			defaultConfigurationIsVisible = 0;
			defaultConfigurationName = Release;
		};
		4C8644E92A82B42D00184C1B /* Build configuration list for PBXNativeTarget "StackUITests" */ = {
			isa = XCConfigurationList;
			buildConfigurations = (
				4C8644EA2A82B42D00184C1B /* Debug */,
				4C8644EB2A82B42D00184C1B /* Release */,
			);
			defaultConfigurationIsVisible = 0;
			defaultConfigurationName = Release;
		};
/* End XCConfigurationList section */

/* Begin XCRemoteSwiftPackageReference section */
		4C1D149B2A8EAFFD005691BD /* XCRemoteSwiftPackageReference "DesignSystem" */ = {
			isa = XCRemoteSwiftPackageReference;
			repositoryURL = "https://github.com/unsaferawpointer/DesignSystem";
			requirement = {
				branch = main;
				kind = branch;
			};
		};
/* End XCRemoteSwiftPackageReference section */

/* Begin XCSwiftPackageProductDependency section */
		4C1D149C2A8EAFFD005691BD /* DesignSystem */ = {
			isa = XCSwiftPackageProductDependency;
			package = 4C1D149B2A8EAFFD005691BD /* XCRemoteSwiftPackageReference "DesignSystem" */;
			productName = DesignSystem;
		};
/* End XCSwiftPackageProductDependency section */
	};
	rootObject = 4C8644B32A82B42C00184C1B /* Project object */;
}
